PODS:
  - Fusuma (1.3.3)
  - SwiftLint (0.31.0)
  - UIFontComplete (3.0.0)

DEPENDENCIES:
  - Fusuma
  - SwiftLint
  - UIFontComplete

SPEC REPOS:
  https://github.com/cocoapods/specs.git:
    - Fusuma
    - SwiftLint
    - UIFontComplete

SPEC CHECKSUMS:
  Fusuma: 3bd08c8c5341ec60c0074fa28570fea8765966f0
  SwiftLint: 7a0227733d786395817373b2d0ca799fd0093ff3
  UIFontComplete: 5b0f59a83308816c610164b79a2540b3520f9b72

PODFILE CHECKSUM: 74c48db5f18bbfed36a65e7f41db97fea18baace

COCOAPODS: 1.6.0
