// !$*UTF8*$!
{
	archiveVersion = 1;
	classes = {
	};
	objectVersion = 50;
	objects = {

/* Begin PBXBuildFile section */
		732E4A17C4EE4240C0412462 /* Pods_Project2.framework in Frameworks */ = {isa = PBXBuildFile; fileRef = 8BF328FB228DDA472B389400 /* Pods_Project2.framework */; };
		A8BFF76B22586E3D0010E56B /* UIFont+Extension.swift in Sources */ = {isa = PBXBuildFile; fileRef = A8BFF76A22586E3D0010E56B /* UIFont+Extension.swift */; };
		A8BFF76E22586E5C0010E56B /* FontTableViewCell.swift in Sources */ = {isa = PBXBuildFile; fileRef = A8BFF76C22586E5C0010E56B /* FontTableViewCell.swift */; };
		A8BFF76F22586E5C0010E56B /* FontTableViewCell.xib in Resources */ = {isa = PBXBuildFile; fileRef = A8BFF76D22586E5C0010E56B /* FontTableViewCell.xib */; };
		A8BFF77322588EA90010E56B /* SpacingTableViewCell.swift in Sources */ = {isa = PBXBuildFile; fileRef = A8BFF77122588EA90010E56B /* SpacingTableViewCell.swift */; };
		A8BFF77422588EA90010E56B /* SpacingTableViewCell.xib in Resources */ = {isa = PBXBuildFile; fileRef = A8BFF77222588EA90010E56B /* SpacingTableViewCell.xib */; };
		A8BFF7772258D1970010E56B /* FontSizeTableViewCell.swift in Sources */ = {isa = PBXBuildFile; fileRef = A8BFF7752258D1970010E56B /* FontSizeTableViewCell.swift */; };
		A8BFF7782258D1970010E56B /* FontSizeTableViewCell.xib in Resources */ = {isa = PBXBuildFile; fileRef = A8BFF7762258D1970010E56B /* FontSizeTableViewCell.xib */; };
		A8BFF77A2259E1960010E56B /* UIButton+Extenstion.swift in Sources */ = {isa = PBXBuildFile; fileRef = A8BFF7792259E1960010E56B /* UIButton+Extenstion.swift */; };
		A8D2C450225219020085AD24 /* AppDelegate.swift in Sources */ = {isa = PBXBuildFile; fileRef = A8D2C44F225219020085AD24 /* AppDelegate.swift */; };
		A8D2C452225219020085AD24 /* ViewController.swift in Sources */ = {isa = PBXBuildFile; fileRef = A8D2C451225219020085AD24 /* ViewController.swift */; };
		A8D2C455225219030085AD24 /* Main.storyboard in Resources */ = {isa = PBXBuildFile; fileRef = A8D2C453225219030085AD24 /* Main.storyboard */; };
		A8D2C458225219030085AD24 /* Project2.xcdatamodeld in Sources */ = {isa = PBXBuildFile; fileRef = A8D2C456225219030085AD24 /* Project2.xcdatamodeld */; };
		A8D2C45D225219080085AD24 /* LaunchScreen.storyboard in Resources */ = {isa = PBXBuildFile; fileRef = A8D2C45B225219080085AD24 /* LaunchScreen.storyboard */; };
		A8D2C4722252270C0085AD24 /* ContainerViewController.swift in Sources */ = {isa = PBXBuildFile; fileRef = A8D2C4712252270C0085AD24 /* ContainerViewController.swift */; };
		A8D2C475225228130085AD24 /* UITableView+Extension.swift in Sources */ = {isa = PBXBuildFile; fileRef = A8D2C474225228130085AD24 /* UITableView+Extension.swift */; };
		A8D2C47B22522A8F0085AD24 /* UICollectionView+Extension.swift in Sources */ = {isa = PBXBuildFile; fileRef = A8D2C47A22522A8F0085AD24 /* UICollectionView+Extension.swift */; };
		A8D2C47E22523A480085AD24 /* PhotoCollectionViewCell.swift in Sources */ = {isa = PBXBuildFile; fileRef = A8D2C47C22523A480085AD24 /* PhotoCollectionViewCell.swift */; };
		A8D2C47F22523A490085AD24 /* PhotoCollectionViewCell.xib in Resources */ = {isa = PBXBuildFile; fileRef = A8D2C47D22523A480085AD24 /* PhotoCollectionViewCell.xib */; };
		A8D2C481225268000085AD24 /* EditingViewController.swift in Sources */ = {isa = PBXBuildFile; fileRef = A8D2C480225268000085AD24 /* EditingViewController.swift */; };
		A8D2C4842252F9FF0085AD24 /* ImageContainerViewController.swift in Sources */ = {isa = PBXBuildFile; fileRef = A8D2C4832252F9FF0085AD24 /* ImageContainerViewController.swift */; };
		A8DEBB9822543DBF0081A694 /* border.swift in Sources */ = {isa = PBXBuildFile; fileRef = A8DEBB9722543DBF0081A694 /* border.swift */; };
		A8DEBB9B22545B8F0081A694 /* CollectionReusableView.swift in Sources */ = {isa = PBXBuildFile; fileRef = A8DEBB9922545B8F0081A694 /* CollectionReusableView.swift */; };
		A8DEBB9C22545B8F0081A694 /* CollectionReusableView.xib in Resources */ = {isa = PBXBuildFile; fileRef = A8DEBB9A22545B8F0081A694 /* CollectionReusableView.xib */; };
		A8DEBB9E2254803B0081A694 /* UIImage+Extension.swift in Sources */ = {isa = PBXBuildFile; fileRef = A8DEBB9D2254803B0081A694 /* UIImage+Extension.swift */; };
		A8DEBBA2225496D20081A694 /* AddImageContainerViewController.swift in Sources */ = {isa = PBXBuildFile; fileRef = A8DEBBA1225496D20081A694 /* AddImageContainerViewController.swift */; };
		A8DEBBA522549DC30081A694 /* ImageCollectionReusableView.swift in Sources */ = {isa = PBXBuildFile; fileRef = A8DEBBA322549DC30081A694 /* ImageCollectionReusableView.swift */; };
		A8DEBBA622549DC30081A694 /* ImageCollectionReusableView.xib in Resources */ = {isa = PBXBuildFile; fileRef = A8DEBBA422549DC30081A694 /* ImageCollectionReusableView.xib */; };
		A8DEBBA82255A5A90081A694 /* UITextView+Extension.swift in Sources */ = {isa = PBXBuildFile; fileRef = A8DEBBA72255A5A90081A694 /* UITextView+Extension.swift */; };
		A8DEBBAA2255A8A50081A694 /* ALCustomView.swift in Sources */ = {isa = PBXBuildFile; fileRef = A8DEBBA92255A8A50081A694 /* ALCustomView.swift */; };
		A8DEBBAC2255CB980081A694 /* Notification.Name.swift in Sources */ = {isa = PBXBuildFile; fileRef = A8DEBBAB2255CB980081A694 /* Notification.Name.swift */; };
		A8DEBBAF225621B30081A694 /* PaletteCollectionViewCell.swift in Sources */ = {isa = PBXBuildFile; fileRef = A8DEBBAD225621B30081A694 /* PaletteCollectionViewCell.swift */; };
		A8DEBBB0225621B30081A694 /* PaletteCollectionViewCell.xib in Resources */ = {isa = PBXBuildFile; fileRef = A8DEBBAE225621B30081A694 /* PaletteCollectionViewCell.xib */; };
		A8DEBBB2225638070081A694 /* UIImageView+Extension.swift in Sources */ = {isa = PBXBuildFile; fileRef = A8DEBBB1225638070081A694 /* UIImageView+Extension.swift */; };
		A8DEBBB4225713770081A694 /* Assets.xcassets in Resources */ = {isa = PBXBuildFile; fileRef = A8DEBBB3225713770081A694 /* Assets.xcassets */; };
/* End PBXBuildFile section */

/* Begin PBXFileReference section */
		8BF328FB228DDA472B389400 /* Pods_Project2.framework */ = {isa = PBXFileReference; explicitFileType = wrapper.framework; includeInIndex = 0; path = Pods_Project2.framework; sourceTree = BUILT_PRODUCTS_DIR; };
		97709A67B679D68A1DBDCC55 /* Pods-Project2.debug.xcconfig */ = {isa = PBXFileReference; includeInIndex = 1; lastKnownFileType = text.xcconfig; name = "Pods-Project2.debug.xcconfig"; path = "Target Support Files/Pods-Project2/Pods-Project2.debug.xcconfig"; sourceTree = "<group>"; };
		A8BFF76A22586E3D0010E56B /* UIFont+Extension.swift */ = {isa = PBXFileReference; lastKnownFileType = sourcecode.swift; path = "UIFont+Extension.swift"; sourceTree = "<group>"; };
		A8BFF76C22586E5C0010E56B /* FontTableViewCell.swift */ = {isa = PBXFileReference; lastKnownFileType = sourcecode.swift; path = FontTableViewCell.swift; sourceTree = "<group>"; };
		A8BFF76D22586E5C0010E56B /* FontTableViewCell.xib */ = {isa = PBXFileReference; lastKnownFileType = file.xib; path = FontTableViewCell.xib; sourceTree = "<group>"; };
		A8BFF77122588EA90010E56B /* SpacingTableViewCell.swift */ = {isa = PBXFileReference; lastKnownFileType = sourcecode.swift; path = SpacingTableViewCell.swift; sourceTree = "<group>"; };
		A8BFF77222588EA90010E56B /* SpacingTableViewCell.xib */ = {isa = PBXFileReference; lastKnownFileType = file.xib; path = SpacingTableViewCell.xib; sourceTree = "<group>"; };
		A8BFF7752258D1970010E56B /* FontSizeTableViewCell.swift */ = {isa = PBXFileReference; lastKnownFileType = sourcecode.swift; path = FontSizeTableViewCell.swift; sourceTree = "<group>"; };
		A8BFF7762258D1970010E56B /* FontSizeTableViewCell.xib */ = {isa = PBXFileReference; lastKnownFileType = file.xib; path = FontSizeTableViewCell.xib; sourceTree = "<group>"; };
		A8BFF7792259E1960010E56B /* UIButton+Extenstion.swift */ = {isa = PBXFileReference; lastKnownFileType = sourcecode.swift; path = "UIButton+Extenstion.swift"; sourceTree = "<group>"; };
		A8D2C44C225219020085AD24 /* Project2.app */ = {isa = PBXFileReference; explicitFileType = wrapper.application; includeInIndex = 0; path = Project2.app; sourceTree = BUILT_PRODUCTS_DIR; };
		A8D2C44F225219020085AD24 /* AppDelegate.swift */ = {isa = PBXFileReference; lastKnownFileType = sourcecode.swift; path = AppDelegate.swift; sourceTree = "<group>"; };
		A8D2C451225219020085AD24 /* ViewController.swift */ = {isa = PBXFileReference; lastKnownFileType = sourcecode.swift; path = ViewController.swift; sourceTree = "<group>"; };
		A8D2C454225219030085AD24 /* Base */ = {isa = PBXFileReference; lastKnownFileType = file.storyboard; name = Base; path = Base.lproj/Main.storyboard; sourceTree = "<group>"; };
		A8D2C457225219030085AD24 /* Project2.xcdatamodel */ = {isa = PBXFileReference; lastKnownFileType = wrapper.xcdatamodel; path = Project2.xcdatamodel; sourceTree = "<group>"; };
		A8D2C45C225219080085AD24 /* Base */ = {isa = PBXFileReference; lastKnownFileType = file.storyboard; name = Base; path = Base.lproj/LaunchScreen.storyboard; sourceTree = "<group>"; };
		A8D2C45E225219080085AD24 /* Info.plist */ = {isa = PBXFileReference; lastKnownFileType = text.plist.xml; path = Info.plist; sourceTree = "<group>"; };
		A8D2C4712252270C0085AD24 /* ContainerViewController.swift */ = {isa = PBXFileReference; lastKnownFileType = sourcecode.swift; path = ContainerViewController.swift; sourceTree = "<group>"; };
		A8D2C474225228130085AD24 /* UITableView+Extension.swift */ = {isa = PBXFileReference; lastKnownFileType = sourcecode.swift; path = "UITableView+Extension.swift"; sourceTree = "<group>"; };
		A8D2C47A22522A8F0085AD24 /* UICollectionView+Extension.swift */ = {isa = PBXFileReference; lastKnownFileType = sourcecode.swift; path = "UICollectionView+Extension.swift"; sourceTree = "<group>"; };
		A8D2C47C22523A480085AD24 /* PhotoCollectionViewCell.swift */ = {isa = PBXFileReference; lastKnownFileType = sourcecode.swift; path = PhotoCollectionViewCell.swift; sourceTree = "<group>"; };
		A8D2C47D22523A480085AD24 /* PhotoCollectionViewCell.xib */ = {isa = PBXFileReference; lastKnownFileType = file.xib; path = PhotoCollectionViewCell.xib; sourceTree = "<group>"; };
		A8D2C480225268000085AD24 /* EditingViewController.swift */ = {isa = PBXFileReference; lastKnownFileType = sourcecode.swift; path = EditingViewController.swift; sourceTree = "<group>"; };
		A8D2C4832252F9FF0085AD24 /* ImageContainerViewController.swift */ = {isa = PBXFileReference; lastKnownFileType = sourcecode.swift; path = ImageContainerViewController.swift; sourceTree = "<group>"; };
		A8DEBB9722543DBF0081A694 /* border.swift */ = {isa = PBXFileReference; lastKnownFileType = sourcecode.swift; path = border.swift; sourceTree = "<group>"; };
		A8DEBB9922545B8F0081A694 /* CollectionReusableView.swift */ = {isa = PBXFileReference; lastKnownFileType = sourcecode.swift; path = CollectionReusableView.swift; sourceTree = "<group>"; };
		A8DEBB9A22545B8F0081A694 /* CollectionReusableView.xib */ = {isa = PBXFileReference; lastKnownFileType = file.xib; path = CollectionReusableView.xib; sourceTree = "<group>"; };
		A8DEBB9D2254803B0081A694 /* UIImage+Extension.swift */ = {isa = PBXFileReference; lastKnownFileType = sourcecode.swift; path = "UIImage+Extension.swift"; sourceTree = "<group>"; };
		A8DEBBA1225496D20081A694 /* AddImageContainerViewController.swift */ = {isa = PBXFileReference; lastKnownFileType = sourcecode.swift; path = AddImageContainerViewController.swift; sourceTree = "<group>"; };
		A8DEBBA322549DC30081A694 /* ImageCollectionReusableView.swift */ = {isa = PBXFileReference; lastKnownFileType = sourcecode.swift; path = ImageCollectionReusableView.swift; sourceTree = "<group>"; };
		A8DEBBA422549DC30081A694 /* ImageCollectionReusableView.xib */ = {isa = PBXFileReference; lastKnownFileType = file.xib; path = ImageCollectionReusableView.xib; sourceTree = "<group>"; };
		A8DEBBA72255A5A90081A694 /* UITextView+Extension.swift */ = {isa = PBXFileReference; lastKnownFileType = sourcecode.swift; path = "UITextView+Extension.swift"; sourceTree = "<group>"; };
		A8DEBBA92255A8A50081A694 /* ALCustomView.swift */ = {isa = PBXFileReference; lastKnownFileType = sourcecode.swift; path = ALCustomView.swift; sourceTree = "<group>"; };
		A8DEBBAB2255CB980081A694 /* Notification.Name.swift */ = {isa = PBXFileReference; lastKnownFileType = sourcecode.swift; path = Notification.Name.swift; sourceTree = "<group>"; };
		A8DEBBAD225621B30081A694 /* PaletteCollectionViewCell.swift */ = {isa = PBXFileReference; lastKnownFileType = sourcecode.swift; path = PaletteCollectionViewCell.swift; sourceTree = "<group>"; };
		A8DEBBAE225621B30081A694 /* PaletteCollectionViewCell.xib */ = {isa = PBXFileReference; lastKnownFileType = file.xib; path = PaletteCollectionViewCell.xib; sourceTree = "<group>"; };
		A8DEBBB1225638070081A694 /* UIImageView+Extension.swift */ = {isa = PBXFileReference; lastKnownFileType = sourcecode.swift; path = "UIImageView+Extension.swift"; sourceTree = "<group>"; };
		A8DEBBB3225713770081A694 /* Assets.xcassets */ = {isa = PBXFileReference; lastKnownFileType = folder.assetcatalog; path = Assets.xcassets; sourceTree = "<group>"; };
		E0D502422CADB0A6DB80DCEF /* Pods-Project2.release.xcconfig */ = {isa = PBXFileReference; includeInIndex = 1; lastKnownFileType = text.xcconfig; name = "Pods-Project2.release.xcconfig"; path = "Target Support Files/Pods-Project2/Pods-Project2.release.xcconfig"; sourceTree = "<group>"; };
/* End PBXFileReference section */

/* Begin PBXFrameworksBuildPhase section */
		A8D2C449225219020085AD24 /* Frameworks */ = {
			isa = PBXFrameworksBuildPhase;
			buildActionMask = 2147483647;
			files = (
				732E4A17C4EE4240C0412462 /* Pods_Project2.framework in Frameworks */,
			);
			runOnlyForDeploymentPostprocessing = 0;
		};
/* End PBXFrameworksBuildPhase section */

/* Begin PBXGroup section */
		4CE4A419FB11F73042C51905 /* Frameworks */ = {
			isa = PBXGroup;
			children = (
				8BF328FB228DDA472B389400 /* Pods_Project2.framework */,
			);
			name = Frameworks;
			sourceTree = "<group>";
		};
		A54ACED8D436B4D98730791E /* Pods */ = {
			isa = PBXGroup;
			children = (
				97709A67B679D68A1DBDCC55 /* Pods-Project2.debug.xcconfig */,
				E0D502422CADB0A6DB80DCEF /* Pods-Project2.release.xcconfig */,
			);
			path = Pods;
			sourceTree = "<group>";
		};
		A8BFF77022588E890010E56B /* Text */ = {
			isa = PBXGroup;
			children = (
				A8BFF76C22586E5C0010E56B /* FontTableViewCell.swift */,
				A8BFF76D22586E5C0010E56B /* FontTableViewCell.xib */,
				A8BFF77122588EA90010E56B /* SpacingTableViewCell.swift */,
				A8BFF77222588EA90010E56B /* SpacingTableViewCell.xib */,
				A8BFF7752258D1970010E56B /* FontSizeTableViewCell.swift */,
				A8BFF7762258D1970010E56B /* FontSizeTableViewCell.xib */,
			);
			path = Text;
			sourceTree = "<group>";
		};
		A8D2C443225219020085AD24 = {
			isa = PBXGroup;
			children = (
				A8D2C44E225219020085AD24 /* Project2 */,
				A8D2C44D225219020085AD24 /* Products */,
				A54ACED8D436B4D98730791E /* Pods */,
				4CE4A419FB11F73042C51905 /* Frameworks */,
			);
			sourceTree = "<group>";
		};
		A8D2C44D225219020085AD24 /* Products */ = {
			isa = PBXGroup;
			children = (
				A8D2C44C225219020085AD24 /* Project2.app */,
			);
			name = Products;
			sourceTree = "<group>";
		};
		A8D2C44E225219020085AD24 /* Project2 */ = {
			isa = PBXGroup;
			children = (
				A8D2C473225227F60085AD24 /* Extension */,
				A8D2C4662252228D0085AD24 /* Model */,
				A8D2C465225222850085AD24 /* Controller */,
				A8D2C464225222790085AD24 /* View */,
				A8D2C44F225219020085AD24 /* AppDelegate.swift */,
				A8DEBBB3225713770081A694 /* Assets.xcassets */,
				A8D2C45B225219080085AD24 /* LaunchScreen.storyboard */,
				A8D2C45E225219080085AD24 /* Info.plist */,
				A8D2C456225219030085AD24 /* Project2.xcdatamodeld */,
			);
			path = Project2;
			sourceTree = "<group>";
		};
		A8D2C464225222790085AD24 /* View */ = {
			isa = PBXGroup;
			children = (
				A8BFF77022588E890010E56B /* Text */,
				A8D2C4822252F7420085AD24 /* Storyboard */,
				A8D2C47C22523A480085AD24 /* PhotoCollectionViewCell.swift */,
				A8D2C47D22523A480085AD24 /* PhotoCollectionViewCell.xib */,
				A8DEBB9922545B8F0081A694 /* CollectionReusableView.swift */,
				A8DEBB9A22545B8F0081A694 /* CollectionReusableView.xib */,
				A8DEBBA322549DC30081A694 /* ImageCollectionReusableView.swift */,
				A8DEBBA422549DC30081A694 /* ImageCollectionReusableView.xib */,
				A8DEBBAD225621B30081A694 /* PaletteCollectionViewCell.swift */,
				A8DEBBAE225621B30081A694 /* PaletteCollectionViewCell.xib */,
			);
			path = View;
			sourceTree = "<group>";
		};
		A8D2C465225222850085AD24 /* Controller */ = {
			isa = PBXGroup;
			children = (
				A8D2C451225219020085AD24 /* ViewController.swift */,
				A8D2C4712252270C0085AD24 /* ContainerViewController.swift */,
				A8D2C480225268000085AD24 /* EditingViewController.swift */,
				A8D2C4832252F9FF0085AD24 /* ImageContainerViewController.swift */,
				A8DEBBA1225496D20081A694 /* AddImageContainerViewController.swift */,
			);
			path = Controller;
			sourceTree = "<group>";
		};
		A8D2C4662252228D0085AD24 /* Model */ = {
			isa = PBXGroup;
			children = (
			);
			path = Model;
			sourceTree = "<group>";
		};
		A8D2C473225227F60085AD24 /* Extension */ = {
			isa = PBXGroup;
			children = (
				A8D2C474225228130085AD24 /* UITableView+Extension.swift */,
				A8D2C47A22522A8F0085AD24 /* UICollectionView+Extension.swift */,
				A8DEBB9D2254803B0081A694 /* UIImage+Extension.swift */,
				A8DEBB9722543DBF0081A694 /* border.swift */,
				A8DEBBA72255A5A90081A694 /* UITextView+Extension.swift */,
				A8DEBBA92255A8A50081A694 /* ALCustomView.swift */,
				A8DEBBAB2255CB980081A694 /* Notification.Name.swift */,
				A8DEBBB1225638070081A694 /* UIImageView+Extension.swift */,
				A8BFF76A22586E3D0010E56B /* UIFont+Extension.swift */,
				A8BFF7792259E1960010E56B /* UIButton+Extenstion.swift */,
			);
			path = Extension;
			sourceTree = "<group>";
		};
		A8D2C4822252F7420085AD24 /* Storyboard */ = {
			isa = PBXGroup;
			children = (
				A8D2C453225219030085AD24 /* Main.storyboard */,
			);
			path = Storyboard;
			sourceTree = "<group>";
		};
/* End PBXGroup section */

/* Begin PBXNativeTarget section */
		A8D2C44B225219020085AD24 /* Project2 */ = {
			isa = PBXNativeTarget;
			buildConfigurationList = A8D2C461225219080085AD24 /* Build configuration list for PBXNativeTarget "Project2" */;
			buildPhases = (
				031F6A6E9698140A18753760 /* [CP] Check Pods Manifest.lock */,
				A8D2C448225219020085AD24 /* Sources */,
				A8D2C449225219020085AD24 /* Frameworks */,
				A8D2C44A225219020085AD24 /* Resources */,
				499648E5D8EF661CADAE1ED9 /* [CP] Embed Pods Frameworks */,
			);
			buildRules = (
			);
			dependencies = (
			);
			name = Project2;
			productName = Project2;
			productReference = A8D2C44C225219020085AD24 /* Project2.app */;
			productType = "com.apple.product-type.application";
		};
/* End PBXNativeTarget section */

/* Begin PBXProject section */
		A8D2C444225219020085AD24 /* Project object */ = {
			isa = PBXProject;
			attributes = {
				LastSwiftUpdateCheck = 1010;
				LastUpgradeCheck = 1010;
				ORGANIZATIONNAME = "蔡佳宣";
				TargetAttributes = {
					A8D2C44B225219020085AD24 = {
						CreatedOnToolsVersion = 10.1;
					};
				};
			};
			buildConfigurationList = A8D2C447225219020085AD24 /* Build configuration list for PBXProject "Project2" */;
			compatibilityVersion = "Xcode 9.3";
			developmentRegion = en;
			hasScannedForEncodings = 0;
			knownRegions = (
				en,
				Base,
			);
			mainGroup = A8D2C443225219020085AD24;
			productRefGroup = A8D2C44D225219020085AD24 /* Products */;
			projectDirPath = "";
			projectRoot = "";
			targets = (
				A8D2C44B225219020085AD24 /* Project2 */,
			);
		};
/* End PBXProject section */

/* Begin PBXResourcesBuildPhase section */
		A8D2C44A225219020085AD24 /* Resources */ = {
			isa = PBXResourcesBuildPhase;
			buildActionMask = 2147483647;
			files = (
				A8BFF76F22586E5C0010E56B /* FontTableViewCell.xib in Resources */,
				A8BFF7782258D1970010E56B /* FontSizeTableViewCell.xib in Resources */,
				A8D2C45D225219080085AD24 /* LaunchScreen.storyboard in Resources */,
				A8D2C47F22523A490085AD24 /* PhotoCollectionViewCell.xib in Resources */,
				A8DEBBB0225621B30081A694 /* PaletteCollectionViewCell.xib in Resources */,
				A8BFF77422588EA90010E56B /* SpacingTableViewCell.xib in Resources */,
				A8DEBBA622549DC30081A694 /* ImageCollectionReusableView.xib in Resources */,
				A8DEBBB4225713770081A694 /* Assets.xcassets in Resources */,
				A8DEBB9C22545B8F0081A694 /* CollectionReusableView.xib in Resources */,
				A8D2C455225219030085AD24 /* Main.storyboard in Resources */,
			);
			runOnlyForDeploymentPostprocessing = 0;
		};
/* End PBXResourcesBuildPhase section */

/* Begin PBXShellScriptBuildPhase section */
		031F6A6E9698140A18753760 /* [CP] Check Pods Manifest.lock */ = {
			isa = PBXShellScriptBuildPhase;
			buildActionMask = 2147483647;
			files = (
			);
			inputFileListPaths = (
			);
			inputPaths = (
				"${PODS_PODFILE_DIR_PATH}/Podfile.lock",
				"${PODS_ROOT}/Manifest.lock",
			);
			name = "[CP] Check Pods Manifest.lock";
			outputFileListPaths = (
			);
			outputPaths = (
				"$(DERIVED_FILE_DIR)/Pods-Project2-checkManifestLockResult.txt",
			);
			runOnlyForDeploymentPostprocessing = 0;
			shellPath = /bin/sh;
			shellScript = "diff \"${PODS_PODFILE_DIR_PATH}/Podfile.lock\" \"${PODS_ROOT}/Manifest.lock\" > /dev/null\nif [ $? != 0 ] ; then\n    # print error to STDERR\n    echo \"error: The sandbox is not in sync with the Podfile.lock. Run 'pod install' or update your CocoaPods installation.\" >&2\n    exit 1\nfi\n# This output is used by Xcode 'outputs' to avoid re-running this script phase.\necho \"SUCCESS\" > \"${SCRIPT_OUTPUT_FILE_0}\"\n";
			showEnvVarsInLog = 0;
		};
		499648E5D8EF661CADAE1ED9 /* [CP] Embed Pods Frameworks */ = {
			isa = PBXShellScriptBuildPhase;
			buildActionMask = 2147483647;
			files = (
			);
			inputFileListPaths = (
			);
			inputPaths = (
				"${PODS_ROOT}/Target Support Files/Pods-Project2/Pods-Project2-frameworks.sh",
				"${BUILT_PRODUCTS_DIR}/UIFontComplete/UIFontComplete.framework",
			);
			name = "[CP] Embed Pods Frameworks";
			outputFileListPaths = (
			);
			outputPaths = (
				"${TARGET_BUILD_DIR}/${FRAMEWORKS_FOLDER_PATH}/UIFontComplete.framework",
			);
			runOnlyForDeploymentPostprocessing = 0;
			shellPath = /bin/sh;
			shellScript = "\"${PODS_ROOT}/Target Support Files/Pods-Project2/Pods-Project2-frameworks.sh\"\n";
			showEnvVarsInLog = 0;
		};
/* End PBXShellScriptBuildPhase section */

/* Begin PBXSourcesBuildPhase section */
		A8D2C448225219020085AD24 /* Sources */ = {
			isa = PBXSourcesBuildPhase;
			buildActionMask = 2147483647;
			files = (
				A8DEBBAA2255A8A50081A694 /* ALCustomView.swift in Sources */,
				A8DEBBA2225496D20081A694 /* AddImageContainerViewController.swift in Sources */,
				A8D2C47B22522A8F0085AD24 /* UICollectionView+Extension.swift in Sources */,
				A8DEBB9822543DBF0081A694 /* border.swift in Sources */,
				A8DEBBA82255A5A90081A694 /* UITextView+Extension.swift in Sources */,
				A8BFF77322588EA90010E56B /* SpacingTableViewCell.swift in Sources */,
				A8D2C47E22523A480085AD24 /* PhotoCollectionViewCell.swift in Sources */,
				A8DEBB9E2254803B0081A694 /* UIImage+Extension.swift in Sources */,
				A8DEBBA522549DC30081A694 /* ImageCollectionReusableView.swift in Sources */,
				A8D2C4842252F9FF0085AD24 /* ImageContainerViewController.swift in Sources */,
				A8D2C481225268000085AD24 /* EditingViewController.swift in Sources */,
				A8DEBB9B22545B8F0081A694 /* CollectionReusableView.swift in Sources */,
				A8D2C475225228130085AD24 /* UITableView+Extension.swift in Sources */,
				A8DEBBAF225621B30081A694 /* PaletteCollectionViewCell.swift in Sources */,
				A8D2C452225219020085AD24 /* ViewController.swift in Sources */,
				A8D2C450225219020085AD24 /* AppDelegate.swift in Sources */,
				A8BFF7772258D1970010E56B /* FontSizeTableViewCell.swift in Sources */,
				A8D2C4722252270C0085AD24 /* ContainerViewController.swift in Sources */,
				A8BFF77A2259E1960010E56B /* UIButton+Extenstion.swift in Sources */,
				A8DEBBB2225638070081A694 /* UIImageView+Extension.swift in Sources */,
				A8D2C458225219030085AD24 /* Project2.xcdatamodeld in Sources */,
				A8BFF76E22586E5C0010E56B /* FontTableViewCell.swift in Sources */,
				A8BFF76B22586E3D0010E56B /* UIFont+Extension.swift in Sources */,
				A8DEBBAC2255CB980081A694 /* Notification.Name.swift in Sources */,
			);
			runOnlyForDeploymentPostprocessing = 0;
		};
/* End PBXSourcesBuildPhase section */

/* Begin PBXVariantGroup section */
		A8D2C453225219030085AD24 /* Main.storyboard */ = {
			isa = PBXVariantGroup;
			children = (
				A8D2C454225219030085AD24 /* Base */,
			);
			name = Main.storyboard;
			sourceTree = "<group>";
		};
		A8D2C45B225219080085AD24 /* LaunchScreen.storyboard */ = {
			isa = PBXVariantGroup;
			children = (
				A8D2C45C225219080085AD24 /* Base */,
			);
			name = LaunchScreen.storyboard;
			sourceTree = "<group>";
		};
/* End PBXVariantGroup section */

/* Begin XCBuildConfiguration section */
		A8D2C45F225219080085AD24 /* Debug */ = {
			isa = XCBuildConfiguration;
			buildSettings = {
				ALWAYS_SEARCH_USER_PATHS = NO;
				CLANG_ANALYZER_NONNULL = YES;
				CLANG_ANALYZER_NUMBER_OBJECT_CONVERSION = YES_AGGRESSIVE;
				CLANG_CXX_LANGUAGE_STANDARD = "gnu++14";
				CLANG_CXX_LIBRARY = "libc++";
				CLANG_ENABLE_MODULES = YES;
				CLANG_ENABLE_OBJC_ARC = YES;
				CLANG_ENABLE_OBJC_WEAK = YES;
				CLANG_WARN_BLOCK_CAPTURE_AUTORELEASING = YES;
				CLANG_WARN_BOOL_CONVERSION = YES;
				CLANG_WARN_COMMA = YES;
				CLANG_WARN_CONSTANT_CONVERSION = YES;
				CLANG_WARN_DEPRECATED_OBJC_IMPLEMENTATIONS = YES;
				CLANG_WARN_DIRECT_OBJC_ISA_USAGE = YES_ERROR;
				CLANG_WARN_DOCUMENTATION_COMMENTS = YES;
				CLANG_WARN_EMPTY_BODY = YES;
				CLANG_WARN_ENUM_CONVERSION = YES;
				CLANG_WARN_INFINITE_RECURSION = YES;
				CLANG_WARN_INT_CONVERSION = YES;
				CLANG_WARN_NON_LITERAL_NULL_CONVERSION = YES;
				CLANG_WARN_OBJC_IMPLICIT_RETAIN_SELF = YES;
				CLANG_WARN_OBJC_LITERAL_CONVERSION = YES;
				CLANG_WARN_OBJC_ROOT_CLASS = YES_ERROR;
				CLANG_WARN_RANGE_LOOP_ANALYSIS = YES;
				CLANG_WARN_STRICT_PROTOTYPES = YES;
				CLANG_WARN_SUSPICIOUS_MOVE = YES;
				CLANG_WARN_UNGUARDED_AVAILABILITY = YES_AGGRESSIVE;
				CLANG_WARN_UNREACHABLE_CODE = YES;
				CLANG_WARN__DUPLICATE_METHOD_MATCH = YES;
				CODE_SIGN_IDENTITY = "iPhone Developer";
				COPY_PHASE_STRIP = NO;
				DEBUG_INFORMATION_FORMAT = dwarf;
				ENABLE_STRICT_OBJC_MSGSEND = YES;
				ENABLE_TESTABILITY = YES;
				GCC_C_LANGUAGE_STANDARD = gnu11;
				GCC_DYNAMIC_NO_PIC = NO;
				GCC_NO_COMMON_BLOCKS = YES;
				GCC_OPTIMIZATION_LEVEL = 0;
				GCC_PREPROCESSOR_DEFINITIONS = (
					"DEBUG=1",
					"$(inherited)",
				);
				GCC_WARN_64_TO_32_BIT_CONVERSION = YES;
				GCC_WARN_ABOUT_RETURN_TYPE = YES_ERROR;
				GCC_WARN_UNDECLARED_SELECTOR = YES;
				GCC_WARN_UNINITIALIZED_AUTOS = YES_AGGRESSIVE;
				GCC_WARN_UNUSED_FUNCTION = YES;
				GCC_WARN_UNUSED_VARIABLE = YES;
				IPHONEOS_DEPLOYMENT_TARGET = 12.1;
				MTL_ENABLE_DEBUG_INFO = INCLUDE_SOURCE;
				MTL_FAST_MATH = YES;
				ONLY_ACTIVE_ARCH = YES;
				SDKROOT = iphoneos;
				SWIFT_ACTIVE_COMPILATION_CONDITIONS = DEBUG;
				SWIFT_OPTIMIZATION_LEVEL = "-Onone";
			};
			name = Debug;
		};
		A8D2C460225219080085AD24 /* Release */ = {
			isa = XCBuildConfiguration;
			buildSettings = {
				ALWAYS_SEARCH_USER_PATHS = NO;
				CLANG_ANALYZER_NONNULL = YES;
				CLANG_ANALYZER_NUMBER_OBJECT_CONVERSION = YES_AGGRESSIVE;
				CLANG_CXX_LANGUAGE_STANDARD = "gnu++14";
				CLANG_CXX_LIBRARY = "libc++";
				CLANG_ENABLE_MODULES = YES;
				CLANG_ENABLE_OBJC_ARC = YES;
				CLANG_ENABLE_OBJC_WEAK = YES;
				CLANG_WARN_BLOCK_CAPTURE_AUTORELEASING = YES;
				CLANG_WARN_BOOL_CONVERSION = YES;
				CLANG_WARN_COMMA = YES;
				CLANG_WARN_CONSTANT_CONVERSION = YES;
				CLANG_WARN_DEPRECATED_OBJC_IMPLEMENTATIONS = YES;
				CLANG_WARN_DIRECT_OBJC_ISA_USAGE = YES_ERROR;
				CLANG_WARN_DOCUMENTATION_COMMENTS = YES;
				CLANG_WARN_EMPTY_BODY = YES;
				CLANG_WARN_ENUM_CONVERSION = YES;
				CLANG_WARN_INFINITE_RECURSION = YES;
				CLANG_WARN_INT_CONVERSION = YES;
				CLANG_WARN_NON_LITERAL_NULL_CONVERSION = YES;
				CLANG_WARN_OBJC_IMPLICIT_RETAIN_SELF = YES;
				CLANG_WARN_OBJC_LITERAL_CONVERSION = YES;
				CLANG_WARN_OBJC_ROOT_CLASS = YES_ERROR;
				CLANG_WARN_RANGE_LOOP_ANALYSIS = YES;
				CLANG_WARN_STRICT_PROTOTYPES = YES;
				CLANG_WARN_SUSPICIOUS_MOVE = YES;
				CLANG_WARN_UNGUARDED_AVAILABILITY = YES_AGGRESSIVE;
				CLANG_WARN_UNREACHABLE_CODE = YES;
				CLANG_WARN__DUPLICATE_METHOD_MATCH = YES;
				CODE_SIGN_IDENTITY = "iPhone Developer";
				COPY_PHASE_STRIP = NO;
				DEBUG_INFORMATION_FORMAT = "dwarf-with-dsym";
				ENABLE_NS_ASSERTIONS = NO;
				ENABLE_STRICT_OBJC_MSGSEND = YES;
				GCC_C_LANGUAGE_STANDARD = gnu11;
				GCC_NO_COMMON_BLOCKS = YES;
				GCC_WARN_64_TO_32_BIT_CONVERSION = YES;
				GCC_WARN_ABOUT_RETURN_TYPE = YES_ERROR;
				GCC_WARN_UNDECLARED_SELECTOR = YES;
				GCC_WARN_UNINITIALIZED_AUTOS = YES_AGGRESSIVE;
				GCC_WARN_UNUSED_FUNCTION = YES;
				GCC_WARN_UNUSED_VARIABLE = YES;
				IPHONEOS_DEPLOYMENT_TARGET = 12.1;
				MTL_ENABLE_DEBUG_INFO = NO;
				MTL_FAST_MATH = YES;
				SDKROOT = iphoneos;
				SWIFT_COMPILATION_MODE = wholemodule;
				SWIFT_OPTIMIZATION_LEVEL = "-O";
				VALIDATE_PRODUCT = YES;
			};
			name = Release;
		};
		A8D2C462225219080085AD24 /* Debug */ = {
			isa = XCBuildConfiguration;
			baseConfigurationReference = 97709A67B679D68A1DBDCC55 /* Pods-Project2.debug.xcconfig */;
			buildSettings = {
				ASSETCATALOG_COMPILER_APPICON_NAME = AppIcon;
				CODE_SIGN_STYLE = Automatic;
				DEVELOPMENT_TEAM = Z4WPZJJ6S4;
				INFOPLIST_FILE = Project2/Info.plist;
				IPHONEOS_DEPLOYMENT_TARGET = 11.3;
				LD_RUNPATH_SEARCH_PATHS = (
					"$(inherited)",
					"@executable_path/Frameworks",
				);
				PRODUCT_BUNDLE_IDENTIFIER = com.teamtreehouse.Project2;
				PRODUCT_NAME = "$(TARGET_NAME)";
				SWIFT_VERSION = 4.2;
				TARGETED_DEVICE_FAMILY = "1,2";
			};
			name = Debug;
		};
		A8D2C463225219080085AD24 /* Release */ = {
			isa = XCBuildConfiguration;
			baseConfigurationReference = E0D502422CADB0A6DB80DCEF /* Pods-Project2.release.xcconfig */;
			buildSettings = {
				ASSETCATALOG_COMPILER_APPICON_NAME = AppIcon;
				CODE_SIGN_STYLE = Automatic;
				DEVELOPMENT_TEAM = Z4WPZJJ6S4;
				INFOPLIST_FILE = Project2/Info.plist;
				IPHONEOS_DEPLOYMENT_TARGET = 11.3;
				LD_RUNPATH_SEARCH_PATHS = (
					"$(inherited)",
					"@executable_path/Frameworks",
				);
				PRODUCT_BUNDLE_IDENTIFIER = com.teamtreehouse.Project2;
				PRODUCT_NAME = "$(TARGET_NAME)";
				SWIFT_VERSION = 4.2;
				TARGETED_DEVICE_FAMILY = "1,2";
			};
			name = Release;
		};
/* End XCBuildConfiguration section */

/* Begin XCConfigurationList section */
		A8D2C447225219020085AD24 /* Build configuration list for PBXProject "Project2" */ = {
			isa = XCConfigurationList;
			buildConfigurations = (
				A8D2C45F225219080085AD24 /* Debug */,
				A8D2C460225219080085AD24 /* Release */,
			);
			defaultConfigurationIsVisible = 0;
			defaultConfigurationName = Release;
		};
		A8D2C461225219080085AD24 /* Build configuration list for PBXNativeTarget "Project2" */ = {
			isa = XCConfigurationList;
			buildConfigurations = (
				A8D2C462225219080085AD24 /* Debug */,
				A8D2C463225219080085AD24 /* Release */,
			);
			defaultConfigurationIsVisible = 0;
			defaultConfigurationName = Release;
		};
/* End XCConfigurationList section */

/* Begin XCVersionGroup section */
		A8D2C456225219030085AD24 /* Project2.xcdatamodeld */ = {
			isa = XCVersionGroup;
			children = (
				A8D2C457225219030085AD24 /* Project2.xcdatamodel */,
			);
			currentVersion = A8D2C457225219030085AD24 /* Project2.xcdatamodel */;
			path = Project2.xcdatamodeld;
			sourceTree = "<group>";
			versionGroupType = wrapper.xcdatamodel;
		};
/* End XCVersionGroup section */
	};
	rootObject = A8D2C444225219020085AD24 /* Project object */;
}
