// !$*UTF8*$!
{
	archiveVersion = 1;
	classes = {
	};
	objectVersion = 51;
	objects = {

/* Begin PBXBuildFile section */
		A3B3B86876AA058175D6DC9B /* Pods_Diseno.framework in Frameworks */ = {isa = PBXBuildFile; fileRef = 2CCD55552499474B19FF560F /* Pods_Diseno.framework */; };
		A80804EB226882720042E4FF /* EditeFrameView.swift in Sources */ = {isa = PBXBuildFile; fileRef = A80804EA226882720042E4FF /* EditeFrameView.swift */; };
		A80F296B22660BED009C13F5 /* TextContainerViewController.swift in Sources */ = {isa = PBXBuildFile; fileRef = A80F296A22660BED009C13F5 /* TextContainerViewController.swift */; };
		A816BEB322755860004E3896 /* SizeHelperView.swift in Sources */ = {isa = PBXBuildFile; fileRef = A816BEB222755860004E3896 /* SizeHelperView.swift */; };
		A816BEB522758CC4004E3896 /* UITextField+Extension.swift in Sources */ = {isa = PBXBuildFile; fileRef = A816BEB422758CC4004E3896 /* UITextField+Extension.swift */; };
		A8242DAE227BC91B006143CB /* RotateHelperView.swift in Sources */ = {isa = PBXBuildFile; fileRef = A8242DAD227BC91B006143CB /* RotateHelperView.swift */; };
		A8242DB0227C0C51006143CB /* Float+Extension.swift in Sources */ = {isa = PBXBuildFile; fileRef = A8242DAF227C0C51006143CB /* Float+Extension.swift */; };
		A8242DB2227D3F29006143CB /* BaseViewController.swift in Sources */ = {isa = PBXBuildFile; fileRef = A8242DB1227D3F29006143CB /* BaseViewController.swift */; };
		A8242DB8227D536B006143CB /* LaunchScreenViewController.swift in Sources */ = {isa = PBXBuildFile; fileRef = A8242DB7227D536B006143CB /* LaunchScreenViewController.swift */; };
		A8242DBC227DBC8E006143CB /* FilterType.swift in Sources */ = {isa = PBXBuildFile; fileRef = A8242DBB227DBC8E006143CB /* FilterType.swift */; };
		A8242DBF227DC641006143CB /* FilterCollectionViewCell.swift in Sources */ = {isa = PBXBuildFile; fileRef = A8242DBD227DC641006143CB /* FilterCollectionViewCell.swift */; };
		A8242DC0227DC641006143CB /* FilterCollectionViewCell.xib in Resources */ = {isa = PBXBuildFile; fileRef = A8242DBE227DC641006143CB /* FilterCollectionViewCell.xib */; };
		A8242DC4227FEA8F006143CB /* DeleteView.swift in Sources */ = {isa = PBXBuildFile; fileRef = A8242DC3227FEA8E006143CB /* DeleteView.swift */; };
		A82564C72282AE0B00510EAF /* UIViewController+Extension.swift in Sources */ = {isa = PBXBuildFile; fileRef = A82564C62282AE0B00510EAF /* UIViewController+Extension.swift */; };
		A82564C92282B90700510EAF /* Direction.swift in Sources */ = {isa = PBXBuildFile; fileRef = A82564C82282B90700510EAF /* Direction.swift */; };
		A82564CB2282C53800510EAF /* AlertTitle.swift in Sources */ = {isa = PBXBuildFile; fileRef = A82564CA2282C53800510EAF /* AlertTitle.swift */; };
		A82564CD2282C94100510EAF /* ALSegue.swift in Sources */ = {isa = PBXBuildFile; fileRef = A82564CC2282C94100510EAF /* ALSegue.swift */; };
		A82564D02283CF1E00510EAF /* ALShapeView.swift in Sources */ = {isa = PBXBuildFile; fileRef = A8E30642226319FD00DA03A7 /* ALShapeView.swift */; };
		A82B5F332268A2270093671D /* HomeViewController.swift in Sources */ = {isa = PBXBuildFile; fileRef = A82B5F322268A2270093671D /* HomeViewController.swift */; };
		A82B5F352268A4930093671D /* NewDeign.swift in Sources */ = {isa = PBXBuildFile; fileRef = A82B5F342268A4930093671D /* NewDeign.swift */; };
		A82B5F372268C8090093671D /* HelperView.swift in Sources */ = {isa = PBXBuildFile; fileRef = A82B5F362268C8090093671D /* HelperView.swift */; };
		A84880CB226F26D200F308AC /* ManagePortfolioView.swift in Sources */ = {isa = PBXBuildFile; fileRef = A84880CA226F26D200F308AC /* ManagePortfolioView.swift */; };
		A84880CD227036A200F308AC /* SaveSuccessLabel.swift in Sources */ = {isa = PBXBuildFile; fileRef = A84880CC227036A200F308AC /* SaveSuccessLabel.swift */; };
		A84880CF22704A8900F308AC /* RenameView.swift in Sources */ = {isa = PBXBuildFile; fileRef = A84880CE22704A8900F308AC /* RenameView.swift */; };
		A84880D12270672100F308AC /* Shape+Extension.swift in Sources */ = {isa = PBXBuildFile; fileRef = A84880D02270672100F308AC /* Shape+Extension.swift */; };
		A84880D32270687500F308AC /* Text+Extension.swift in Sources */ = {isa = PBXBuildFile; fileRef = A84880D22270687500F308AC /* Text+Extension.swift */; };
		A84880D52270688400F308AC /* Image+Extension.swift in Sources */ = {isa = PBXBuildFile; fileRef = A84880D42270688400F308AC /* Image+Extension.swift */; };
		A84880D922706ABE00F308AC /* Design+Extension.swift in Sources */ = {isa = PBXBuildFile; fileRef = A84880D822706ABE00F308AC /* Design+Extension.swift */; };
		A848811F2273FAC200F308AC /* UIColor+Extension.swift in Sources */ = {isa = PBXBuildFile; fileRef = A848811E2273FAC200F308AC /* UIColor+Extension.swift */; };
		A84BBE7222892D0B0083F53B /* EditingVC+Gesture.swift in Sources */ = {isa = PBXBuildFile; fileRef = A84BBE7122892D0B0083F53B /* EditingVC+Gesture.swift */; };
		A84BBE7422893B350083F53B /* EditingVC+Helper.swift in Sources */ = {isa = PBXBuildFile; fileRef = A84BBE7322893B350083F53B /* EditingVC+Helper.swift */; };
		A84BBE7622893C2B0083F53B /* EditingVC+TextView.swift in Sources */ = {isa = PBXBuildFile; fileRef = A84BBE7522893C2B0083F53B /* EditingVC+TextView.swift */; };
		A84BBE792289402A0083F53B /* DesignVC+Gesture.swift in Sources */ = {isa = PBXBuildFile; fileRef = A84BBE782289402A0083F53B /* DesignVC+Gesture.swift */; };
		A84BBE7B228940A00083F53B /* DesignVC+NavigationBar.swift in Sources */ = {isa = PBXBuildFile; fileRef = A84BBE7A228940A00083F53B /* DesignVC+NavigationBar.swift */; };
		A84BBE7D2289416E0083F53B /* DesignVC+AddText.swift in Sources */ = {isa = PBXBuildFile; fileRef = A84BBE7C2289416E0083F53B /* DesignVC+AddText.swift */; };
		A84BBE7F228942740083F53B /* DesignVC+Background.swift in Sources */ = {isa = PBXBuildFile; fileRef = A84BBE7E228942740083F53B /* DesignVC+Background.swift */; };
		A84BBE81228944470083F53B /* DesignVC+AddShape.swift in Sources */ = {isa = PBXBuildFile; fileRef = A84BBE80228944470083F53B /* DesignVC+AddShape.swift */; };
		A84BBE83228945300083F53B /* DesignVC+passData.swift in Sources */ = {isa = PBXBuildFile; fileRef = A84BBE82228945300083F53B /* DesignVC+passData.swift */; };
		A84BBE852289456B0083F53B /* DesignVC+SaveDesign.swift in Sources */ = {isa = PBXBuildFile; fileRef = A84BBE842289456B0083F53B /* DesignVC+SaveDesign.swift */; };
		A85B04052279C0F000853841 /* CornerHelperView.swift in Sources */ = {isa = PBXBuildFile; fileRef = A85B04042279C0F000853841 /* CornerHelperView.swift */; };
		A865976C2269CB43000789A2 /* StorageManager.swift in Sources */ = {isa = PBXBuildFile; fileRef = A865976B2269CB43000789A2 /* StorageManager.swift */; };
		A865976F2269D22F000789A2 /* Result.swift in Sources */ = {isa = PBXBuildFile; fileRef = A865976E2269D22F000789A2 /* Result.swift */; };
		A86824C422603BC500BDCCD8 /* CGAffineTransform+Extension.swift in Sources */ = {isa = PBXBuildFile; fileRef = A86824C322603BC500BDCCD8 /* CGAffineTransform+Extension.swift */; };
		A86824C62260461500BDCCD8 /* UIView+Extension.swift in Sources */ = {isa = PBXBuildFile; fileRef = A86824C52260461500BDCCD8 /* UIView+Extension.swift */; };
		A86824C82260838200BDCCD8 /* ALRotationGestureRecognizer.swift in Sources */ = {isa = PBXBuildFile; fileRef = A86824C72260838200BDCCD8 /* ALRotationGestureRecognizer.swift */; };
		A87F7926269898FE00F6B7FF /* UIScreen+Extension.swift in Sources */ = {isa = PBXBuildFile; fileRef = A87F7925269898FE00F6B7FF /* UIScreen+Extension.swift */; };
		A87F792926A2B51200F6B7FF /* DesignManager.swift in Sources */ = {isa = PBXBuildFile; fileRef = A87F792826A2B51200F6B7FF /* DesignManager.swift */; };
		A87F792B26A2B6CB00F6B7FF /* HomePageViewController.swift in Sources */ = {isa = PBXBuildFile; fileRef = A87F792A26A2B6CB00F6B7FF /* HomePageViewController.swift */; };
		A87F792D26A2E5BB00F6B7FF /* Swift+Extension.swift in Sources */ = {isa = PBXBuildFile; fileRef = A87F792C26A2E5BB00F6B7FF /* Swift+Extension.swift */; };
		A87F792F26A2EAED00F6B7FF /* FontManager.swift in Sources */ = {isa = PBXBuildFile; fileRef = A87F792E26A2EAED00F6B7FF /* FontManager.swift */; };
		A87F793226A3EDCD00F6B7FF /* AppCoordinator.swift in Sources */ = {isa = PBXBuildFile; fileRef = A87F793126A3EDCD00F6B7FF /* AppCoordinator.swift */; };
		A87F793526A4085100F6B7FF /* HomePageViewModel.swift in Sources */ = {isa = PBXBuildFile; fileRef = A87F793426A4085100F6B7FF /* HomePageViewModel.swift */; };
		A87F793726A415D100F6B7FF /* PortfolioCellViewModel.swift in Sources */ = {isa = PBXBuildFile; fileRef = A87F793626A415D100F6B7FF /* PortfolioCellViewModel.swift */; };
		A87F793926A4591A00F6B7FF /* FileManager+Extension.swift in Sources */ = {isa = PBXBuildFile; fileRef = A87F793826A4591A00F6B7FF /* FileManager+Extension.swift */; };
		A87F793B26A45BF700F6B7FF /* NSObject+Extension.swift in Sources */ = {isa = PBXBuildFile; fileRef = A87F793A26A45BF700F6B7FF /* NSObject+Extension.swift */; };
		A87F794426B0524200F6B7FF /* ManagePortfolioViewModel.swift in Sources */ = {isa = PBXBuildFile; fileRef = A87F794326B0524200F6B7FF /* ManagePortfolioViewModel.swift */; };
		A87F794626B4F90B00F6B7FF /* DSFileManager.swift in Sources */ = {isa = PBXBuildFile; fileRef = A87F794526B4F90B00F6B7FF /* DSFileManager.swift */; };
		A87F794826B4FB3A00F6B7FF /* ImageSaver.swift in Sources */ = {isa = PBXBuildFile; fileRef = A87F794726B4FB3A00F6B7FF /* ImageSaver.swift */; };
		A87F794B26B535FE00F6B7FF /* DSError.swift in Sources */ = {isa = PBXBuildFile; fileRef = A87F794A26B535FE00F6B7FF /* DSError.swift */; };
		A87F794D26B5901300F6B7FF /* NotificationBanner.swift in Sources */ = {isa = PBXBuildFile; fileRef = A87F794C26B5901300F6B7FF /* NotificationBanner.swift */; };
		A87F794F26B6567600F6B7FF /* IPhoneUtility.swift in Sources */ = {isa = PBXBuildFile; fileRef = A87F794E26B6567600F6B7FF /* IPhoneUtility.swift */; };
		A87F795126B6626400F6B7FF /* UIWindow+Extension.swift in Sources */ = {isa = PBXBuildFile; fileRef = A87F795026B6626400F6B7FF /* UIWindow+Extension.swift */; };
		A87F795326C2805100F6B7FF /* DesignViewModel.swift in Sources */ = {isa = PBXBuildFile; fileRef = A87F795226C2805100F6B7FF /* DesignViewModel.swift */; };
		A87F795526C2A42500F6B7FF /* RenameDesignViewModel.swift in Sources */ = {isa = PBXBuildFile; fileRef = A87F795426C2A42500F6B7FF /* RenameDesignViewModel.swift */; };
		A87F795726C78CF000F6B7FF /* UIApplication+Extension.swift in Sources */ = {isa = PBXBuildFile; fileRef = A87F795626C78CF000F6B7FF /* UIApplication+Extension.swift */; };
		A88E56E5228BFFBC0062760F /* TextTableViewTest.swift in Sources */ = {isa = PBXBuildFile; fileRef = A88E56E4228BFFBC0062760F /* TextTableViewTest.swift */; };
		A88E56E7228C08170062760F /* CalculateMethodTest.swift in Sources */ = {isa = PBXBuildFile; fileRef = A88E56E6228C08170062760F /* CalculateMethodTest.swift */; };
		A89D975622979D1E0056285D /* GoogleService-Info.plist in Resources */ = {isa = PBXBuildFile; fileRef = A89D975522979D1E0056285D /* GoogleService-Info.plist */; };
		A8AD7463226AF82200BDE3A7 /* ALDesignView.swift in Sources */ = {isa = PBXBuildFile; fileRef = A8AD7462226AF82200BDE3A7 /* ALDesignView.swift */; };
		A8AD7465226C004E00BDE3A7 /* ALImageView.swift in Sources */ = {isa = PBXBuildFile; fileRef = A8AD7464226C004E00BDE3A7 /* ALImageView.swift */; };
		A8AD7468226C78CC00BDE3A7 /* PortfolioCollectionViewCell.swift in Sources */ = {isa = PBXBuildFile; fileRef = A8AD7466226C78CC00BDE3A7 /* PortfolioCollectionViewCell.swift */; };
		A8AD7469226C78CC00BDE3A7 /* PortfolioCollectionViewCell.xib in Resources */ = {isa = PBXBuildFile; fileRef = A8AD7467226C78CC00BDE3A7 /* PortfolioCollectionViewCell.xib */; };
		A8AF2A5322781CC000C2B118 /* GoSettingAlertView.swift in Sources */ = {isa = PBXBuildFile; fileRef = A8AF2A5222781CBF00C2B118 /* GoSettingAlertView.swift */; };
		A8AF2A552278290A00C2B118 /* SavedImageAlert.swift in Sources */ = {isa = PBXBuildFile; fileRef = A8AF2A542278290A00C2B118 /* SavedImageAlert.swift */; };
		A8B5E4F7226D91D800514A75 /* ALTextView.swift in Sources */ = {isa = PBXBuildFile; fileRef = A8B5E4F6226D91D800514A75 /* ALTextView.swift */; };
		A8BFF76B22586E3D0010E56B /* UIFont+Extension.swift in Sources */ = {isa = PBXBuildFile; fileRef = A8BFF76A22586E3D0010E56B /* UIFont+Extension.swift */; };
		A8BFF76E22586E5C0010E56B /* FontTableViewCell.swift in Sources */ = {isa = PBXBuildFile; fileRef = A8BFF76C22586E5C0010E56B /* FontTableViewCell.swift */; };
		A8BFF76F22586E5C0010E56B /* FontTableViewCell.xib in Resources */ = {isa = PBXBuildFile; fileRef = A8BFF76D22586E5C0010E56B /* FontTableViewCell.xib */; };
		A8BFF77322588EA90010E56B /* SpacingTableViewCell.swift in Sources */ = {isa = PBXBuildFile; fileRef = A8BFF77122588EA90010E56B /* SpacingTableViewCell.swift */; };
		A8BFF77422588EA90010E56B /* SpacingTableViewCell.xib in Resources */ = {isa = PBXBuildFile; fileRef = A8BFF77222588EA90010E56B /* SpacingTableViewCell.xib */; };
		A8BFF7772258D1970010E56B /* FontSizeTableViewCell.swift in Sources */ = {isa = PBXBuildFile; fileRef = A8BFF7752258D1970010E56B /* FontSizeTableViewCell.swift */; };
		A8BFF7782258D1970010E56B /* FontSizeTableViewCell.xib in Resources */ = {isa = PBXBuildFile; fileRef = A8BFF7762258D1970010E56B /* FontSizeTableViewCell.xib */; };
		A8BFF77A2259E1960010E56B /* UIButton+Extenstion.swift in Sources */ = {isa = PBXBuildFile; fileRef = A8BFF7792259E1960010E56B /* UIButton+Extenstion.swift */; };
		A8BFF780225A4AC00010E56B /* ImageEditContainerViewController.swift in Sources */ = {isa = PBXBuildFile; fileRef = A8BFF77F225A4AC00010E56B /* ImageEditContainerViewController.swift */; };
		A8BFF782225A4B6B0010E56B /* PhotoManager.swift in Sources */ = {isa = PBXBuildFile; fileRef = A8BFF781225A4B6B0010E56B /* PhotoManager.swift */; };
		A8C123A32281B69A00B14B92 /* BaseContainerViewController.swift in Sources */ = {isa = PBXBuildFile; fileRef = A8C123A22281B69A00B14B92 /* BaseContainerViewController.swift */; };
		A8C6FD5822856B0C0047B614 /* DisenoTests.swift in Sources */ = {isa = PBXBuildFile; fileRef = A8C6FD5722856B0C0047B614 /* DisenoTests.swift */; };
		A8D2C450225219020085AD24 /* AppDelegate.swift in Sources */ = {isa = PBXBuildFile; fileRef = A8D2C44F225219020085AD24 /* AppDelegate.swift */; };
		A8D2C452225219020085AD24 /* DesignViewController.swift in Sources */ = {isa = PBXBuildFile; fileRef = A8D2C451225219020085AD24 /* DesignViewController.swift */; };
		A8D2C455225219030085AD24 /* Main.storyboard in Resources */ = {isa = PBXBuildFile; fileRef = A8D2C453225219030085AD24 /* Main.storyboard */; };
		A8D2C458225219030085AD24 /* Desiging.xcdatamodeld in Sources */ = {isa = PBXBuildFile; fileRef = A8D2C456225219030085AD24 /* Desiging.xcdatamodeld */; };
		A8D2C45D225219080085AD24 /* LaunchScreen.storyboard in Resources */ = {isa = PBXBuildFile; fileRef = A8D2C45B225219080085AD24 /* LaunchScreen.storyboard */; };
		A8D2C4722252270C0085AD24 /* BackgroundContainerViewController.swift in Sources */ = {isa = PBXBuildFile; fileRef = A8D2C4712252270C0085AD24 /* BackgroundContainerViewController.swift */; };
		A8D2C475225228130085AD24 /* UITableView+Extension.swift in Sources */ = {isa = PBXBuildFile; fileRef = A8D2C474225228130085AD24 /* UITableView+Extension.swift */; };
		A8D2C47B22522A8F0085AD24 /* UICollectionView+Extension.swift in Sources */ = {isa = PBXBuildFile; fileRef = A8D2C47A22522A8F0085AD24 /* UICollectionView+Extension.swift */; };
		A8D2C47E22523A480085AD24 /* PhotoCollectionViewCell.swift in Sources */ = {isa = PBXBuildFile; fileRef = A8D2C47C22523A480085AD24 /* PhotoCollectionViewCell.swift */; };
		A8D2C47F22523A490085AD24 /* PhotoCollectionViewCell.xib in Resources */ = {isa = PBXBuildFile; fileRef = A8D2C47D22523A480085AD24 /* PhotoCollectionViewCell.xib */; };
		A8D2C481225268000085AD24 /* EditingViewController.swift in Sources */ = {isa = PBXBuildFile; fileRef = A8D2C480225268000085AD24 /* EditingViewController.swift */; };
		A8DEBB9822543DBF0081A694 /* border.swift in Sources */ = {isa = PBXBuildFile; fileRef = A8DEBB9722543DBF0081A694 /* border.swift */; };
		A8DEBB9B22545B8F0081A694 /* CollectionReusableView.swift in Sources */ = {isa = PBXBuildFile; fileRef = A8DEBB9922545B8F0081A694 /* CollectionReusableView.swift */; };
		A8DEBB9C22545B8F0081A694 /* CollectionReusableView.xib in Resources */ = {isa = PBXBuildFile; fileRef = A8DEBB9A22545B8F0081A694 /* CollectionReusableView.xib */; };
		A8DEBB9E2254803B0081A694 /* UIImage+Extension.swift in Sources */ = {isa = PBXBuildFile; fileRef = A8DEBB9D2254803B0081A694 /* UIImage+Extension.swift */; };
		A8DEBBA522549DC30081A694 /* ImageCollectionReusableView.swift in Sources */ = {isa = PBXBuildFile; fileRef = A8DEBBA322549DC30081A694 /* ImageCollectionReusableView.swift */; };
		A8DEBBA622549DC30081A694 /* ImageCollectionReusableView.xib in Resources */ = {isa = PBXBuildFile; fileRef = A8DEBBA422549DC30081A694 /* ImageCollectionReusableView.xib */; };
		A8DEBBA82255A5A90081A694 /* UITextView+Extension.swift in Sources */ = {isa = PBXBuildFile; fileRef = A8DEBBA72255A5A90081A694 /* UITextView+Extension.swift */; };
		A8DEBBAA2255A8A50081A694 /* ALCustomView.swift in Sources */ = {isa = PBXBuildFile; fileRef = A8DEBBA92255A8A50081A694 /* ALCustomView.swift */; };
		A8DEBBAF225621B30081A694 /* PaletteCollectionViewCell.swift in Sources */ = {isa = PBXBuildFile; fileRef = A8DEBBAD225621B30081A694 /* PaletteCollectionViewCell.swift */; };
		A8DEBBB0225621B30081A694 /* PaletteCollectionViewCell.xib in Resources */ = {isa = PBXBuildFile; fileRef = A8DEBBAE225621B30081A694 /* PaletteCollectionViewCell.xib */; };
		A8DEBBB2225638070081A694 /* UIImageView+Extension.swift in Sources */ = {isa = PBXBuildFile; fileRef = A8DEBBB1225638070081A694 /* UIImageView+Extension.swift */; };
		A8DEBBB4225713770081A694 /* Assets.xcassets in Resources */ = {isa = PBXBuildFile; fileRef = A8DEBBB3225713770081A694 /* Assets.xcassets */; };
		A8E3063C2262FE0000DA03A7 /* ShapeContainerViewController.swift in Sources */ = {isa = PBXBuildFile; fileRef = A8E3063B2262FE0000DA03A7 /* ShapeContainerViewController.swift */; };
		A8E3063F2263009C00DA03A7 /* ShapeCollectionViewCell.swift in Sources */ = {isa = PBXBuildFile; fileRef = A8E3063D2263009C00DA03A7 /* ShapeCollectionViewCell.swift */; };
		A8E306402263009D00DA03A7 /* ShapeCollectionViewCell.xib in Resources */ = {isa = PBXBuildFile; fileRef = A8E3063E2263009C00DA03A7 /* ShapeCollectionViewCell.xib */; };
		B9C33360DCE62F03A130A958 /* Pods_DisenoTests.framework in Frameworks */ = {isa = PBXBuildFile; fileRef = 27A163FD5D840C28F2BCF47B /* Pods_DisenoTests.framework */; };
/* End PBXBuildFile section */

/* Begin PBXContainerItemProxy section */
		A8C6FD5A22856B0C0047B614 /* PBXContainerItemProxy */ = {
			isa = PBXContainerItemProxy;
			containerPortal = A8D2C444225219020085AD24 /* Project object */;
			proxyType = 1;
			remoteGlobalIDString = A8D2C44B225219020085AD24;
			remoteInfo = Project2;
		};
/* End PBXContainerItemProxy section */

/* Begin PBXFileReference section */
		27A163FD5D840C28F2BCF47B /* Pods_DisenoTests.framework */ = {isa = PBXFileReference; explicitFileType = wrapper.framework; includeInIndex = 0; path = Pods_DisenoTests.framework; sourceTree = BUILT_PRODUCTS_DIR; };
		2A4535C55BDE62BE2C7C16DD /* Pods-Diseno.release.xcconfig */ = {isa = PBXFileReference; includeInIndex = 1; lastKnownFileType = text.xcconfig; name = "Pods-Diseno.release.xcconfig"; path = "Target Support Files/Pods-Diseno/Pods-Diseno.release.xcconfig"; sourceTree = "<group>"; };
		2CCD55552499474B19FF560F /* Pods_Diseno.framework */ = {isa = PBXFileReference; explicitFileType = wrapper.framework; includeInIndex = 0; path = Pods_Diseno.framework; sourceTree = BUILT_PRODUCTS_DIR; };
		37E13557C28ED3FB3AE45DE7 /* Pods-DisenoTests.release.xcconfig */ = {isa = PBXFileReference; includeInIndex = 1; lastKnownFileType = text.xcconfig; name = "Pods-DisenoTests.release.xcconfig"; path = "Target Support Files/Pods-DisenoTests/Pods-DisenoTests.release.xcconfig"; sourceTree = "<group>"; };
		43712D0B0B461B12E1F346AA /* Pods-Diseno.debug.xcconfig */ = {isa = PBXFileReference; includeInIndex = 1; lastKnownFileType = text.xcconfig; name = "Pods-Diseno.debug.xcconfig"; path = "Target Support Files/Pods-Diseno/Pods-Diseno.debug.xcconfig"; sourceTree = "<group>"; };
		4B99B65AA2FA817368B84FA9 /* Pods-DisenoTests.debug.xcconfig */ = {isa = PBXFileReference; includeInIndex = 1; lastKnownFileType = text.xcconfig; name = "Pods-DisenoTests.debug.xcconfig"; path = "Target Support Files/Pods-DisenoTests/Pods-DisenoTests.debug.xcconfig"; sourceTree = "<group>"; };
		8BF328FB228DDA472B389400 /* Pods_Project2.framework */ = {isa = PBXFileReference; explicitFileType = wrapper.framework; includeInIndex = 0; path = Pods_Project2.framework; sourceTree = BUILT_PRODUCTS_DIR; };
		A80804EA226882720042E4FF /* EditeFrameView.swift */ = {isa = PBXFileReference; lastKnownFileType = sourcecode.swift; path = EditeFrameView.swift; sourceTree = "<group>"; };
		A80F296A22660BED009C13F5 /* TextContainerViewController.swift */ = {isa = PBXFileReference; lastKnownFileType = sourcecode.swift; path = TextContainerViewController.swift; sourceTree = "<group>"; };
		A816BEB222755860004E3896 /* SizeHelperView.swift */ = {isa = PBXFileReference; lastKnownFileType = sourcecode.swift; path = SizeHelperView.swift; sourceTree = "<group>"; };
		A816BEB422758CC4004E3896 /* UITextField+Extension.swift */ = {isa = PBXFileReference; lastKnownFileType = sourcecode.swift; path = "UITextField+Extension.swift"; sourceTree = "<group>"; };
		A8242DAD227BC91B006143CB /* RotateHelperView.swift */ = {isa = PBXFileReference; lastKnownFileType = sourcecode.swift; path = RotateHelperView.swift; sourceTree = "<group>"; };
		A8242DAF227C0C51006143CB /* Float+Extension.swift */ = {isa = PBXFileReference; lastKnownFileType = sourcecode.swift; path = "Float+Extension.swift"; sourceTree = "<group>"; };
		A8242DB1227D3F29006143CB /* BaseViewController.swift */ = {isa = PBXFileReference; lastKnownFileType = sourcecode.swift; path = BaseViewController.swift; sourceTree = "<group>"; };
		A8242DB7227D536B006143CB /* LaunchScreenViewController.swift */ = {isa = PBXFileReference; lastKnownFileType = sourcecode.swift; path = LaunchScreenViewController.swift; sourceTree = "<group>"; };
		A8242DBB227DBC8E006143CB /* FilterType.swift */ = {isa = PBXFileReference; lastKnownFileType = sourcecode.swift; path = FilterType.swift; sourceTree = "<group>"; };
		A8242DBD227DC641006143CB /* FilterCollectionViewCell.swift */ = {isa = PBXFileReference; lastKnownFileType = sourcecode.swift; path = FilterCollectionViewCell.swift; sourceTree = "<group>"; };
		A8242DBE227DC641006143CB /* FilterCollectionViewCell.xib */ = {isa = PBXFileReference; lastKnownFileType = file.xib; path = FilterCollectionViewCell.xib; sourceTree = "<group>"; };
		A8242DC3227FEA8E006143CB /* DeleteView.swift */ = {isa = PBXFileReference; lastKnownFileType = sourcecode.swift; path = DeleteView.swift; sourceTree = "<group>"; };
		A82564C62282AE0B00510EAF /* UIViewController+Extension.swift */ = {isa = PBXFileReference; lastKnownFileType = sourcecode.swift; path = "UIViewController+Extension.swift"; sourceTree = "<group>"; };
		A82564C82282B90700510EAF /* Direction.swift */ = {isa = PBXFileReference; lastKnownFileType = sourcecode.swift; path = Direction.swift; sourceTree = "<group>"; };
		A82564CA2282C53800510EAF /* AlertTitle.swift */ = {isa = PBXFileReference; lastKnownFileType = sourcecode.swift; path = AlertTitle.swift; sourceTree = "<group>"; };
		A82564CC2282C94100510EAF /* ALSegue.swift */ = {isa = PBXFileReference; lastKnownFileType = sourcecode.swift; path = ALSegue.swift; sourceTree = "<group>"; };
		A82B5F322268A2270093671D /* HomeViewController.swift */ = {isa = PBXFileReference; lastKnownFileType = sourcecode.swift; path = HomeViewController.swift; sourceTree = "<group>"; };
		A82B5F342268A4930093671D /* NewDeign.swift */ = {isa = PBXFileReference; lastKnownFileType = sourcecode.swift; path = NewDeign.swift; sourceTree = "<group>"; };
		A82B5F362268C8090093671D /* HelperView.swift */ = {isa = PBXFileReference; lastKnownFileType = sourcecode.swift; path = HelperView.swift; sourceTree = "<group>"; };
		A84880CA226F26D200F308AC /* ManagePortfolioView.swift */ = {isa = PBXFileReference; lastKnownFileType = sourcecode.swift; path = ManagePortfolioView.swift; sourceTree = "<group>"; };
		A84880CC227036A200F308AC /* SaveSuccessLabel.swift */ = {isa = PBXFileReference; lastKnownFileType = sourcecode.swift; path = SaveSuccessLabel.swift; sourceTree = "<group>"; };
		A84880CE22704A8900F308AC /* RenameView.swift */ = {isa = PBXFileReference; lastKnownFileType = sourcecode.swift; path = RenameView.swift; sourceTree = "<group>"; };
		A84880D02270672100F308AC /* Shape+Extension.swift */ = {isa = PBXFileReference; lastKnownFileType = sourcecode.swift; path = "Shape+Extension.swift"; sourceTree = "<group>"; };
		A84880D22270687500F308AC /* Text+Extension.swift */ = {isa = PBXFileReference; lastKnownFileType = sourcecode.swift; path = "Text+Extension.swift"; sourceTree = "<group>"; };
		A84880D42270688400F308AC /* Image+Extension.swift */ = {isa = PBXFileReference; lastKnownFileType = sourcecode.swift; path = "Image+Extension.swift"; sourceTree = "<group>"; };
		A84880D822706ABE00F308AC /* Design+Extension.swift */ = {isa = PBXFileReference; lastKnownFileType = sourcecode.swift; path = "Design+Extension.swift"; sourceTree = "<group>"; };
		A848811E2273FAC200F308AC /* UIColor+Extension.swift */ = {isa = PBXFileReference; lastKnownFileType = sourcecode.swift; path = "UIColor+Extension.swift"; sourceTree = "<group>"; };
		A84BBE7122892D0B0083F53B /* EditingVC+Gesture.swift */ = {isa = PBXFileReference; lastKnownFileType = sourcecode.swift; path = "EditingVC+Gesture.swift"; sourceTree = "<group>"; };
		A84BBE7322893B350083F53B /* EditingVC+Helper.swift */ = {isa = PBXFileReference; lastKnownFileType = sourcecode.swift; path = "EditingVC+Helper.swift"; sourceTree = "<group>"; };
		A84BBE7522893C2B0083F53B /* EditingVC+TextView.swift */ = {isa = PBXFileReference; lastKnownFileType = sourcecode.swift; path = "EditingVC+TextView.swift"; sourceTree = "<group>"; };
		A84BBE782289402A0083F53B /* DesignVC+Gesture.swift */ = {isa = PBXFileReference; lastKnownFileType = sourcecode.swift; path = "DesignVC+Gesture.swift"; sourceTree = "<group>"; };
		A84BBE7A228940A00083F53B /* DesignVC+NavigationBar.swift */ = {isa = PBXFileReference; lastKnownFileType = sourcecode.swift; path = "DesignVC+NavigationBar.swift"; sourceTree = "<group>"; };
		A84BBE7C2289416E0083F53B /* DesignVC+AddText.swift */ = {isa = PBXFileReference; lastKnownFileType = sourcecode.swift; path = "DesignVC+AddText.swift"; sourceTree = "<group>"; };
		A84BBE7E228942740083F53B /* DesignVC+Background.swift */ = {isa = PBXFileReference; lastKnownFileType = sourcecode.swift; path = "DesignVC+Background.swift"; sourceTree = "<group>"; };
		A84BBE80228944470083F53B /* DesignVC+AddShape.swift */ = {isa = PBXFileReference; lastKnownFileType = sourcecode.swift; path = "DesignVC+AddShape.swift"; sourceTree = "<group>"; };
		A84BBE82228945300083F53B /* DesignVC+passData.swift */ = {isa = PBXFileReference; lastKnownFileType = sourcecode.swift; path = "DesignVC+passData.swift"; sourceTree = "<group>"; };
		A84BBE842289456B0083F53B /* DesignVC+SaveDesign.swift */ = {isa = PBXFileReference; lastKnownFileType = sourcecode.swift; path = "DesignVC+SaveDesign.swift"; sourceTree = "<group>"; };
		A85B04042279C0F000853841 /* CornerHelperView.swift */ = {isa = PBXFileReference; lastKnownFileType = sourcecode.swift; path = CornerHelperView.swift; sourceTree = "<group>"; };
		A865976B2269CB43000789A2 /* StorageManager.swift */ = {isa = PBXFileReference; lastKnownFileType = sourcecode.swift; path = StorageManager.swift; sourceTree = "<group>"; };
		A865976E2269D22F000789A2 /* Result.swift */ = {isa = PBXFileReference; lastKnownFileType = sourcecode.swift; path = Result.swift; sourceTree = "<group>"; };
		A86824C322603BC500BDCCD8 /* CGAffineTransform+Extension.swift */ = {isa = PBXFileReference; lastKnownFileType = sourcecode.swift; path = "CGAffineTransform+Extension.swift"; sourceTree = "<group>"; };
		A86824C52260461500BDCCD8 /* UIView+Extension.swift */ = {isa = PBXFileReference; lastKnownFileType = sourcecode.swift; path = "UIView+Extension.swift"; sourceTree = "<group>"; };
		A86824C72260838200BDCCD8 /* ALRotationGestureRecognizer.swift */ = {isa = PBXFileReference; lastKnownFileType = sourcecode.swift; path = ALRotationGestureRecognizer.swift; sourceTree = "<group>"; };
		A87F7925269898FE00F6B7FF /* UIScreen+Extension.swift */ = {isa = PBXFileReference; lastKnownFileType = sourcecode.swift; path = "UIScreen+Extension.swift"; sourceTree = "<group>"; };
		A87F792826A2B51200F6B7FF /* DesignManager.swift */ = {isa = PBXFileReference; lastKnownFileType = sourcecode.swift; path = DesignManager.swift; sourceTree = "<group>"; };
		A87F792A26A2B6CB00F6B7FF /* HomePageViewController.swift */ = {isa = PBXFileReference; lastKnownFileType = sourcecode.swift; path = HomePageViewController.swift; sourceTree = "<group>"; };
		A87F792C26A2E5BB00F6B7FF /* Swift+Extension.swift */ = {isa = PBXFileReference; lastKnownFileType = sourcecode.swift; path = "Swift+Extension.swift"; sourceTree = "<group>"; };
		A87F792E26A2EAED00F6B7FF /* FontManager.swift */ = {isa = PBXFileReference; lastKnownFileType = sourcecode.swift; path = FontManager.swift; sourceTree = "<group>"; };
		A87F793126A3EDCD00F6B7FF /* AppCoordinator.swift */ = {isa = PBXFileReference; lastKnownFileType = sourcecode.swift; path = AppCoordinator.swift; sourceTree = "<group>"; };
		A87F793426A4085100F6B7FF /* HomePageViewModel.swift */ = {isa = PBXFileReference; lastKnownFileType = sourcecode.swift; path = HomePageViewModel.swift; sourceTree = "<group>"; };
		A87F793626A415D100F6B7FF /* PortfolioCellViewModel.swift */ = {isa = PBXFileReference; lastKnownFileType = sourcecode.swift; path = PortfolioCellViewModel.swift; sourceTree = "<group>"; };
		A87F793826A4591A00F6B7FF /* FileManager+Extension.swift */ = {isa = PBXFileReference; lastKnownFileType = sourcecode.swift; path = "FileManager+Extension.swift"; sourceTree = "<group>"; };
		A87F793A26A45BF700F6B7FF /* NSObject+Extension.swift */ = {isa = PBXFileReference; lastKnownFileType = sourcecode.swift; path = "NSObject+Extension.swift"; sourceTree = "<group>"; };
		A87F794326B0524200F6B7FF /* ManagePortfolioViewModel.swift */ = {isa = PBXFileReference; lastKnownFileType = sourcecode.swift; path = ManagePortfolioViewModel.swift; sourceTree = "<group>"; };
		A87F794526B4F90B00F6B7FF /* DSFileManager.swift */ = {isa = PBXFileReference; lastKnownFileType = sourcecode.swift; path = DSFileManager.swift; sourceTree = "<group>"; };
		A87F794726B4FB3A00F6B7FF /* ImageSaver.swift */ = {isa = PBXFileReference; lastKnownFileType = sourcecode.swift; path = ImageSaver.swift; sourceTree = "<group>"; };
		A87F794A26B535FE00F6B7FF /* DSError.swift */ = {isa = PBXFileReference; lastKnownFileType = sourcecode.swift; path = DSError.swift; sourceTree = "<group>"; };
		A87F794C26B5901300F6B7FF /* NotificationBanner.swift */ = {isa = PBXFileReference; lastKnownFileType = sourcecode.swift; path = NotificationBanner.swift; sourceTree = "<group>"; };
		A87F794E26B6567600F6B7FF /* IPhoneUtility.swift */ = {isa = PBXFileReference; lastKnownFileType = sourcecode.swift; path = IPhoneUtility.swift; sourceTree = "<group>"; };
		A87F795026B6626400F6B7FF /* UIWindow+Extension.swift */ = {isa = PBXFileReference; lastKnownFileType = sourcecode.swift; path = "UIWindow+Extension.swift"; sourceTree = "<group>"; };
		A87F795226C2805100F6B7FF /* DesignViewModel.swift */ = {isa = PBXFileReference; lastKnownFileType = sourcecode.swift; path = DesignViewModel.swift; sourceTree = "<group>"; };
		A87F795426C2A42500F6B7FF /* RenameDesignViewModel.swift */ = {isa = PBXFileReference; lastKnownFileType = sourcecode.swift; path = RenameDesignViewModel.swift; sourceTree = "<group>"; };
		A87F795626C78CF000F6B7FF /* UIApplication+Extension.swift */ = {isa = PBXFileReference; lastKnownFileType = sourcecode.swift; path = "UIApplication+Extension.swift"; sourceTree = "<group>"; };
		A88E56E4228BFFBC0062760F /* TextTableViewTest.swift */ = {isa = PBXFileReference; lastKnownFileType = sourcecode.swift; path = TextTableViewTest.swift; sourceTree = "<group>"; };
		A88E56E6228C08170062760F /* CalculateMethodTest.swift */ = {isa = PBXFileReference; lastKnownFileType = sourcecode.swift; path = CalculateMethodTest.swift; sourceTree = "<group>"; };
		A89D975522979D1E0056285D /* GoogleService-Info.plist */ = {isa = PBXFileReference; fileEncoding = 4; lastKnownFileType = text.plist.xml; path = "GoogleService-Info.plist"; sourceTree = "<group>"; };
		A8AD7462226AF82200BDE3A7 /* ALDesignView.swift */ = {isa = PBXFileReference; lastKnownFileType = sourcecode.swift; path = ALDesignView.swift; sourceTree = "<group>"; };
		A8AD7464226C004E00BDE3A7 /* ALImageView.swift */ = {isa = PBXFileReference; lastKnownFileType = sourcecode.swift; path = ALImageView.swift; sourceTree = "<group>"; };
		A8AD7466226C78CC00BDE3A7 /* PortfolioCollectionViewCell.swift */ = {isa = PBXFileReference; lastKnownFileType = sourcecode.swift; path = PortfolioCollectionViewCell.swift; sourceTree = "<group>"; };
		A8AD7467226C78CC00BDE3A7 /* PortfolioCollectionViewCell.xib */ = {isa = PBXFileReference; lastKnownFileType = file.xib; path = PortfolioCollectionViewCell.xib; sourceTree = "<group>"; };
		A8AF2A5222781CBF00C2B118 /* GoSettingAlertView.swift */ = {isa = PBXFileReference; lastKnownFileType = sourcecode.swift; path = GoSettingAlertView.swift; sourceTree = "<group>"; };
		A8AF2A542278290A00C2B118 /* SavedImageAlert.swift */ = {isa = PBXFileReference; lastKnownFileType = sourcecode.swift; path = SavedImageAlert.swift; sourceTree = "<group>"; };
		A8B5E4F6226D91D800514A75 /* ALTextView.swift */ = {isa = PBXFileReference; lastKnownFileType = sourcecode.swift; path = ALTextView.swift; sourceTree = "<group>"; };
		A8BFF76A22586E3D0010E56B /* UIFont+Extension.swift */ = {isa = PBXFileReference; lastKnownFileType = sourcecode.swift; path = "UIFont+Extension.swift"; sourceTree = "<group>"; };
		A8BFF76C22586E5C0010E56B /* FontTableViewCell.swift */ = {isa = PBXFileReference; lastKnownFileType = sourcecode.swift; path = FontTableViewCell.swift; sourceTree = "<group>"; };
		A8BFF76D22586E5C0010E56B /* FontTableViewCell.xib */ = {isa = PBXFileReference; lastKnownFileType = file.xib; path = FontTableViewCell.xib; sourceTree = "<group>"; };
		A8BFF77122588EA90010E56B /* SpacingTableViewCell.swift */ = {isa = PBXFileReference; lastKnownFileType = sourcecode.swift; path = SpacingTableViewCell.swift; sourceTree = "<group>"; };
		A8BFF77222588EA90010E56B /* SpacingTableViewCell.xib */ = {isa = PBXFileReference; lastKnownFileType = file.xib; path = SpacingTableViewCell.xib; sourceTree = "<group>"; };
		A8BFF7752258D1970010E56B /* FontSizeTableViewCell.swift */ = {isa = PBXFileReference; lastKnownFileType = sourcecode.swift; path = FontSizeTableViewCell.swift; sourceTree = "<group>"; };
		A8BFF7762258D1970010E56B /* FontSizeTableViewCell.xib */ = {isa = PBXFileReference; lastKnownFileType = file.xib; path = FontSizeTableViewCell.xib; sourceTree = "<group>"; };
		A8BFF7792259E1960010E56B /* UIButton+Extenstion.swift */ = {isa = PBXFileReference; lastKnownFileType = sourcecode.swift; path = "UIButton+Extenstion.swift"; sourceTree = "<group>"; };
		A8BFF77F225A4AC00010E56B /* ImageEditContainerViewController.swift */ = {isa = PBXFileReference; lastKnownFileType = sourcecode.swift; path = ImageEditContainerViewController.swift; sourceTree = "<group>"; };
		A8BFF781225A4B6B0010E56B /* PhotoManager.swift */ = {isa = PBXFileReference; lastKnownFileType = sourcecode.swift; path = PhotoManager.swift; sourceTree = "<group>"; };
		A8C123A22281B69A00B14B92 /* BaseContainerViewController.swift */ = {isa = PBXFileReference; lastKnownFileType = sourcecode.swift; path = BaseContainerViewController.swift; sourceTree = "<group>"; };
		A8C6FD5522856B0C0047B614 /* DisenoTests.xctest */ = {isa = PBXFileReference; explicitFileType = wrapper.cfbundle; includeInIndex = 0; path = DisenoTests.xctest; sourceTree = BUILT_PRODUCTS_DIR; };
		A8C6FD5722856B0C0047B614 /* DisenoTests.swift */ = {isa = PBXFileReference; lastKnownFileType = sourcecode.swift; path = DisenoTests.swift; sourceTree = "<group>"; };
		A8C6FD5922856B0C0047B614 /* Info.plist */ = {isa = PBXFileReference; lastKnownFileType = text.plist.xml; path = Info.plist; sourceTree = "<group>"; };
		A8D2C44C225219020085AD24 /* Diseno.app */ = {isa = PBXFileReference; explicitFileType = wrapper.application; includeInIndex = 0; path = Diseno.app; sourceTree = BUILT_PRODUCTS_DIR; };
		A8D2C44F225219020085AD24 /* AppDelegate.swift */ = {isa = PBXFileReference; lastKnownFileType = sourcecode.swift; path = AppDelegate.swift; sourceTree = "<group>"; };
		A8D2C451225219020085AD24 /* DesignViewController.swift */ = {isa = PBXFileReference; lastKnownFileType = sourcecode.swift; path = DesignViewController.swift; sourceTree = "<group>"; };
		A8D2C454225219030085AD24 /* Base */ = {isa = PBXFileReference; lastKnownFileType = file.storyboard; name = Base; path = Base.lproj/Main.storyboard; sourceTree = "<group>"; };
		A8D2C457225219030085AD24 /* Project2.xcdatamodel */ = {isa = PBXFileReference; lastKnownFileType = wrapper.xcdatamodel; path = Project2.xcdatamodel; sourceTree = "<group>"; };
		A8D2C45C225219080085AD24 /* Base */ = {isa = PBXFileReference; lastKnownFileType = file.storyboard; name = Base; path = Base.lproj/LaunchScreen.storyboard; sourceTree = "<group>"; };
		A8D2C45E225219080085AD24 /* Info.plist */ = {isa = PBXFileReference; lastKnownFileType = text.plist.xml; path = Info.plist; sourceTree = "<group>"; };
		A8D2C4712252270C0085AD24 /* BackgroundContainerViewController.swift */ = {isa = PBXFileReference; lastKnownFileType = sourcecode.swift; path = BackgroundContainerViewController.swift; sourceTree = "<group>"; };
		A8D2C474225228130085AD24 /* UITableView+Extension.swift */ = {isa = PBXFileReference; lastKnownFileType = sourcecode.swift; path = "UITableView+Extension.swift"; sourceTree = "<group>"; };
		A8D2C47A22522A8F0085AD24 /* UICollectionView+Extension.swift */ = {isa = PBXFileReference; lastKnownFileType = sourcecode.swift; path = "UICollectionView+Extension.swift"; sourceTree = "<group>"; };
		A8D2C47C22523A480085AD24 /* PhotoCollectionViewCell.swift */ = {isa = PBXFileReference; lastKnownFileType = sourcecode.swift; path = PhotoCollectionViewCell.swift; sourceTree = "<group>"; };
		A8D2C47D22523A480085AD24 /* PhotoCollectionViewCell.xib */ = {isa = PBXFileReference; lastKnownFileType = file.xib; path = PhotoCollectionViewCell.xib; sourceTree = "<group>"; };
		A8D2C480225268000085AD24 /* EditingViewController.swift */ = {isa = PBXFileReference; lastKnownFileType = sourcecode.swift; path = EditingViewController.swift; sourceTree = "<group>"; };
		A8DEBB9722543DBF0081A694 /* border.swift */ = {isa = PBXFileReference; lastKnownFileType = sourcecode.swift; path = border.swift; sourceTree = "<group>"; };
		A8DEBB9922545B8F0081A694 /* CollectionReusableView.swift */ = {isa = PBXFileReference; lastKnownFileType = sourcecode.swift; path = CollectionReusableView.swift; sourceTree = "<group>"; };
		A8DEBB9A22545B8F0081A694 /* CollectionReusableView.xib */ = {isa = PBXFileReference; lastKnownFileType = file.xib; path = CollectionReusableView.xib; sourceTree = "<group>"; };
		A8DEBB9D2254803B0081A694 /* UIImage+Extension.swift */ = {isa = PBXFileReference; lastKnownFileType = sourcecode.swift; path = "UIImage+Extension.swift"; sourceTree = "<group>"; };
		A8DEBBA322549DC30081A694 /* ImageCollectionReusableView.swift */ = {isa = PBXFileReference; lastKnownFileType = sourcecode.swift; path = ImageCollectionReusableView.swift; sourceTree = "<group>"; };
		A8DEBBA422549DC30081A694 /* ImageCollectionReusableView.xib */ = {isa = PBXFileReference; lastKnownFileType = file.xib; path = ImageCollectionReusableView.xib; sourceTree = "<group>"; };
		A8DEBBA72255A5A90081A694 /* UITextView+Extension.swift */ = {isa = PBXFileReference; lastKnownFileType = sourcecode.swift; path = "UITextView+Extension.swift"; sourceTree = "<group>"; };
		A8DEBBA92255A8A50081A694 /* ALCustomView.swift */ = {isa = PBXFileReference; lastKnownFileType = sourcecode.swift; path = ALCustomView.swift; sourceTree = "<group>"; };
		A8DEBBAD225621B30081A694 /* PaletteCollectionViewCell.swift */ = {isa = PBXFileReference; lastKnownFileType = sourcecode.swift; path = PaletteCollectionViewCell.swift; sourceTree = "<group>"; };
		A8DEBBAE225621B30081A694 /* PaletteCollectionViewCell.xib */ = {isa = PBXFileReference; lastKnownFileType = file.xib; path = PaletteCollectionViewCell.xib; sourceTree = "<group>"; };
		A8DEBBB1225638070081A694 /* UIImageView+Extension.swift */ = {isa = PBXFileReference; lastKnownFileType = sourcecode.swift; path = "UIImageView+Extension.swift"; sourceTree = "<group>"; };
		A8DEBBB3225713770081A694 /* Assets.xcassets */ = {isa = PBXFileReference; lastKnownFileType = folder.assetcatalog; path = Assets.xcassets; sourceTree = "<group>"; };
		A8E3063B2262FE0000DA03A7 /* ShapeContainerViewController.swift */ = {isa = PBXFileReference; lastKnownFileType = sourcecode.swift; path = ShapeContainerViewController.swift; sourceTree = "<group>"; };
		A8E3063D2263009C00DA03A7 /* ShapeCollectionViewCell.swift */ = {isa = PBXFileReference; lastKnownFileType = sourcecode.swift; path = ShapeCollectionViewCell.swift; sourceTree = "<group>"; };
		A8E3063E2263009C00DA03A7 /* ShapeCollectionViewCell.xib */ = {isa = PBXFileReference; lastKnownFileType = file.xib; path = ShapeCollectionViewCell.xib; sourceTree = "<group>"; };
		A8E30642226319FD00DA03A7 /* ALShapeView.swift */ = {isa = PBXFileReference; lastKnownFileType = sourcecode.swift; path = ALShapeView.swift; sourceTree = "<group>"; };
/* End PBXFileReference section */

/* Begin PBXFrameworksBuildPhase section */
		A8C6FD5222856B0C0047B614 /* Frameworks */ = {
			isa = PBXFrameworksBuildPhase;
			buildActionMask = 2147483647;
			files = (
				B9C33360DCE62F03A130A958 /* Pods_DisenoTests.framework in Frameworks */,
			);
			runOnlyForDeploymentPostprocessing = 0;
		};
		A8D2C449225219020085AD24 /* Frameworks */ = {
			isa = PBXFrameworksBuildPhase;
			buildActionMask = 2147483647;
			files = (
				A3B3B86876AA058175D6DC9B /* Pods_Diseno.framework in Frameworks */,
			);
			runOnlyForDeploymentPostprocessing = 0;
		};
/* End PBXFrameworksBuildPhase section */

/* Begin PBXGroup section */
		4CE4A419FB11F73042C51905 /* Frameworks */ = {
			isa = PBXGroup;
			children = (
				8BF328FB228DDA472B389400 /* Pods_Project2.framework */,
				2CCD55552499474B19FF560F /* Pods_Diseno.framework */,
				27A163FD5D840C28F2BCF47B /* Pods_DisenoTests.framework */,
			);
			name = Frameworks;
			sourceTree = "<group>";
		};
		A54ACED8D436B4D98730791E /* Pods */ = {
			isa = PBXGroup;
			children = (
				43712D0B0B461B12E1F346AA /* Pods-Diseno.debug.xcconfig */,
				2A4535C55BDE62BE2C7C16DD /* Pods-Diseno.release.xcconfig */,
				4B99B65AA2FA817368B84FA9 /* Pods-DisenoTests.debug.xcconfig */,
				37E13557C28ED3FB3AE45DE7 /* Pods-DisenoTests.release.xcconfig */,
			);
			path = Pods;
			sourceTree = "<group>";
		};
		A84880D62270688700F308AC /* CoreData+Extension */ = {
			isa = PBXGroup;
			children = (
				A84880D02270672100F308AC /* Shape+Extension.swift */,
				A84880D22270687500F308AC /* Text+Extension.swift */,
				A84880D42270688400F308AC /* Image+Extension.swift */,
				A84880D822706ABE00F308AC /* Design+Extension.swift */,
			);
			path = "CoreData+Extension";
			sourceTree = "<group>";
		};
		A84BBE7022892C9F0083F53B /* EditingViewController+ Extension */ = {
			isa = PBXGroup;
			children = (
				A84BBE7122892D0B0083F53B /* EditingVC+Gesture.swift */,
				A84BBE7322893B350083F53B /* EditingVC+Helper.swift */,
				A84BBE7522893C2B0083F53B /* EditingVC+TextView.swift */,
			);
			path = "EditingViewController+ Extension";
			sourceTree = "<group>";
		};
		A84BBE7722893FFA0083F53B /* DesignViewController+Extension */ = {
			isa = PBXGroup;
			children = (
				A84BBE782289402A0083F53B /* DesignVC+Gesture.swift */,
				A84BBE7A228940A00083F53B /* DesignVC+NavigationBar.swift */,
				A84BBE7C2289416E0083F53B /* DesignVC+AddText.swift */,
				A84BBE80228944470083F53B /* DesignVC+AddShape.swift */,
				A84BBE7E228942740083F53B /* DesignVC+Background.swift */,
				A84BBE82228945300083F53B /* DesignVC+passData.swift */,
				A84BBE842289456B0083F53B /* DesignVC+SaveDesign.swift */,
			);
			path = "DesignViewController+Extension";
			sourceTree = "<group>";
		};
		A865976D2269CB4D000789A2 /* Local Storage */ = {
			isa = PBXGroup;
			children = (
				A865976B2269CB43000789A2 /* StorageManager.swift */,
			);
			path = "Local Storage";
			sourceTree = "<group>";
		};
		A87F792726A2B4FC00F6B7FF /* Helper */ = {
			isa = PBXGroup;
			children = (
				A87F792826A2B51200F6B7FF /* DesignManager.swift */,
				A87F792E26A2EAED00F6B7FF /* FontManager.swift */,
				A87F794526B4F90B00F6B7FF /* DSFileManager.swift */,
				A87F794726B4FB3A00F6B7FF /* ImageSaver.swift */,
				A87F794E26B6567600F6B7FF /* IPhoneUtility.swift */,
			);
			path = Helper;
			sourceTree = "<group>";
		};
		A87F793026A3EDBB00F6B7FF /* Coordinator */ = {
			isa = PBXGroup;
			children = (
				A87F793126A3EDCD00F6B7FF /* AppCoordinator.swift */,
			);
			path = Coordinator;
			sourceTree = "<group>";
		};
		A87F793326A4084600F6B7FF /* ViewModel */ = {
			isa = PBXGroup;
			children = (
				A87F793426A4085100F6B7FF /* HomePageViewModel.swift */,
				A87F793626A415D100F6B7FF /* PortfolioCellViewModel.swift */,
				A87F794326B0524200F6B7FF /* ManagePortfolioViewModel.swift */,
				A87F795226C2805100F6B7FF /* DesignViewModel.swift */,
				A87F795426C2A42500F6B7FF /* RenameDesignViewModel.swift */,
			);
			path = ViewModel;
			sourceTree = "<group>";
		};
		A87F794926B535E700F6B7FF /* DSError */ = {
			isa = PBXGroup;
			children = (
				A87F794A26B535FE00F6B7FF /* DSError.swift */,
			);
			path = DSError;
			sourceTree = "<group>";
		};
		A8BFF77022588E890010E56B /* Text */ = {
			isa = PBXGroup;
			children = (
				A8BFF76C22586E5C0010E56B /* FontTableViewCell.swift */,
				A8BFF76D22586E5C0010E56B /* FontTableViewCell.xib */,
				A8BFF77122588EA90010E56B /* SpacingTableViewCell.swift */,
				A8BFF77222588EA90010E56B /* SpacingTableViewCell.xib */,
				A8BFF7752258D1970010E56B /* FontSizeTableViewCell.swift */,
				A8BFF7762258D1970010E56B /* FontSizeTableViewCell.xib */,
			);
			path = Text;
			sourceTree = "<group>";
		};
		A8BFF77B225A37770010E56B /* Color */ = {
			isa = PBXGroup;
			children = (
				A8DEBBAD225621B30081A694 /* PaletteCollectionViewCell.swift */,
				A8DEBBAE225621B30081A694 /* PaletteCollectionViewCell.xib */,
			);
			path = Color;
			sourceTree = "<group>";
		};
		A8BFF77C225A37960010E56B /* Image */ = {
			isa = PBXGroup;
			children = (
				A8D2C47C22523A480085AD24 /* PhotoCollectionViewCell.swift */,
				A8D2C47D22523A480085AD24 /* PhotoCollectionViewCell.xib */,
				A8DEBBA322549DC30081A694 /* ImageCollectionReusableView.swift */,
				A8DEBBA422549DC30081A694 /* ImageCollectionReusableView.xib */,
				A8DEBB9A22545B8F0081A694 /* CollectionReusableView.xib */,
				A8DEBB9922545B8F0081A694 /* CollectionReusableView.swift */,
				A8242DBD227DC641006143CB /* FilterCollectionViewCell.swift */,
				A8242DBE227DC641006143CB /* FilterCollectionViewCell.xib */,
			);
			path = Image;
			sourceTree = "<group>";
		};
		A8C6FD5622856B0C0047B614 /* DisenoTests */ = {
			isa = PBXGroup;
			children = (
				A88E56E6228C08170062760F /* CalculateMethodTest.swift */,
				A88E56E4228BFFBC0062760F /* TextTableViewTest.swift */,
				A8C6FD5722856B0C0047B614 /* DisenoTests.swift */,
				A8C6FD5922856B0C0047B614 /* Info.plist */,
			);
			path = DisenoTests;
			sourceTree = "<group>";
		};
		A8D2C443225219020085AD24 = {
			isa = PBXGroup;
			children = (
				A8D2C44E225219020085AD24 /* Diseno */,
				A8C6FD5622856B0C0047B614 /* DisenoTests */,
				A8D2C44D225219020085AD24 /* Products */,
				A54ACED8D436B4D98730791E /* Pods */,
				4CE4A419FB11F73042C51905 /* Frameworks */,
			);
			sourceTree = "<group>";
		};
		A8D2C44D225219020085AD24 /* Products */ = {
			isa = PBXGroup;
			children = (
				A8D2C44C225219020085AD24 /* Diseno.app */,
				A8C6FD5522856B0C0047B614 /* DisenoTests.xctest */,
			);
			name = Products;
			sourceTree = "<group>";
		};
		A8D2C44E225219020085AD24 /* Diseno */ = {
			isa = PBXGroup;
			children = (
				A87F793326A4084600F6B7FF /* ViewModel */,
				A87F793026A3EDBB00F6B7FF /* Coordinator */,
				A87F792726A2B4FC00F6B7FF /* Helper */,
				A8D2C473225227F60085AD24 /* Extension */,
				A8D2C4662252228D0085AD24 /* Model */,
				A8D2C465225222850085AD24 /* Controller */,
				A8D2C464225222790085AD24 /* View */,
				A8DEBBB3225713770081A694 /* Assets.xcassets */,
				A89D975522979D1E0056285D /* GoogleService-Info.plist */,
				A8D2C45E225219080085AD24 /* Info.plist */,
				A8D2C456225219030085AD24 /* Desiging.xcdatamodeld */,
			);
			path = Diseno;
			sourceTree = "<group>";
		};
		A8D2C464225222790085AD24 /* View */ = {
			isa = PBXGroup;
			children = (
				A87F794C26B5901300F6B7FF /* NotificationBanner.swift */,
				A80804EA226882720042E4FF /* EditeFrameView.swift */,
				A82B5F362268C8090093671D /* HelperView.swift */,
				A8242DAD227BC91B006143CB /* RotateHelperView.swift */,
				A816BEB222755860004E3896 /* SizeHelperView.swift */,
				A85B04042279C0F000853841 /* CornerHelperView.swift */,
				A82B5F342268A4930093671D /* NewDeign.swift */,
				A84880CA226F26D200F308AC /* ManagePortfolioView.swift */,
				A84880CE22704A8900F308AC /* RenameView.swift */,
				A8242DC3227FEA8E006143CB /* DeleteView.swift */,
				A8AF2A5222781CBF00C2B118 /* GoSettingAlertView.swift */,
				A8AF2A542278290A00C2B118 /* SavedImageAlert.swift */,
				A84880CC227036A200F308AC /* SaveSuccessLabel.swift */,
				A8AD7462226AF82200BDE3A7 /* ALDesignView.swift */,
				A8AD7464226C004E00BDE3A7 /* ALImageView.swift */,
				A8B5E4F6226D91D800514A75 /* ALTextView.swift */,
				A8E30642226319FD00DA03A7 /* ALShapeView.swift */,
				A8E30641226300A800DA03A7 /* Shape */,
				A8BFF77C225A37960010E56B /* Image */,
				A8BFF77B225A37770010E56B /* Color */,
				A8BFF77022588E890010E56B /* Text */,
				A8D2C4822252F7420085AD24 /* Storyboard */,
				A8AD7466226C78CC00BDE3A7 /* PortfolioCollectionViewCell.swift */,
				A8AD7467226C78CC00BDE3A7 /* PortfolioCollectionViewCell.xib */,
				A8D2C44F225219020085AD24 /* AppDelegate.swift */,
			);
			path = View;
			sourceTree = "<group>";
		};
		A8D2C465225222850085AD24 /* Controller */ = {
			isa = PBXGroup;
			children = (
				A82B5F322268A2270093671D /* HomeViewController.swift */,
				A8242DB1227D3F29006143CB /* BaseViewController.swift */,
				A8D2C451225219020085AD24 /* DesignViewController.swift */,
				A8D2C480225268000085AD24 /* EditingViewController.swift */,
				A84BBE7722893FFA0083F53B /* DesignViewController+Extension */,
				A84BBE7022892C9F0083F53B /* EditingViewController+ Extension */,
				A8C123A22281B69A00B14B92 /* BaseContainerViewController.swift */,
				A8D2C4712252270C0085AD24 /* BackgroundContainerViewController.swift */,
				A8BFF77F225A4AC00010E56B /* ImageEditContainerViewController.swift */,
				A80F296A22660BED009C13F5 /* TextContainerViewController.swift */,
				A8E3063B2262FE0000DA03A7 /* ShapeContainerViewController.swift */,
				A8242DB7227D536B006143CB /* LaunchScreenViewController.swift */,
				A87F792A26A2B6CB00F6B7FF /* HomePageViewController.swift */,
			);
			path = Controller;
			sourceTree = "<group>";
		};
		A8D2C4662252228D0085AD24 /* Model */ = {
			isa = PBXGroup;
			children = (
				A87F794926B535E700F6B7FF /* DSError */,
				A84880D62270688700F308AC /* CoreData+Extension */,
				A865976D2269CB4D000789A2 /* Local Storage */,
				A8BFF781225A4B6B0010E56B /* PhotoManager.swift */,
				A82564C82282B90700510EAF /* Direction.swift */,
				A865976E2269D22F000789A2 /* Result.swift */,
			);
			path = Model;
			sourceTree = "<group>";
		};
		A8D2C473225227F60085AD24 /* Extension */ = {
			isa = PBXGroup;
			children = (
				A8DEBB9722543DBF0081A694 /* border.swift */,
				A8BFF7792259E1960010E56B /* UIButton+Extenstion.swift */,
				A848811E2273FAC200F308AC /* UIColor+Extension.swift */,
				A8D2C47A22522A8F0085AD24 /* UICollectionView+Extension.swift */,
				A8BFF76A22586E3D0010E56B /* UIFont+Extension.swift */,
				A8DEBB9D2254803B0081A694 /* UIImage+Extension.swift */,
				A8DEBBB1225638070081A694 /* UIImageView+Extension.swift */,
				A8D2C474225228130085AD24 /* UITableView+Extension.swift */,
				A8DEBBA72255A5A90081A694 /* UITextView+Extension.swift */,
				A816BEB422758CC4004E3896 /* UITextField+Extension.swift */,
				A86824C52260461500BDCCD8 /* UIView+Extension.swift */,
				A82564C62282AE0B00510EAF /* UIViewController+Extension.swift */,
				A8242DAF227C0C51006143CB /* Float+Extension.swift */,
				A8242DBB227DBC8E006143CB /* FilterType.swift */,
				A82564CA2282C53800510EAF /* AlertTitle.swift */,
				A86824C322603BC500BDCCD8 /* CGAffineTransform+Extension.swift */,
				A8DEBBA92255A8A50081A694 /* ALCustomView.swift */,
				A82564CC2282C94100510EAF /* ALSegue.swift */,
				A86824C72260838200BDCCD8 /* ALRotationGestureRecognizer.swift */,
				A87F7925269898FE00F6B7FF /* UIScreen+Extension.swift */,
				A87F792C26A2E5BB00F6B7FF /* Swift+Extension.swift */,
				A87F793826A4591A00F6B7FF /* FileManager+Extension.swift */,
				A87F793A26A45BF700F6B7FF /* NSObject+Extension.swift */,
				A87F795026B6626400F6B7FF /* UIWindow+Extension.swift */,
				A87F795626C78CF000F6B7FF /* UIApplication+Extension.swift */,
			);
			path = Extension;
			sourceTree = "<group>";
		};
		A8D2C4822252F7420085AD24 /* Storyboard */ = {
			isa = PBXGroup;
			children = (
				A8D2C453225219030085AD24 /* Main.storyboard */,
				A8D2C45B225219080085AD24 /* LaunchScreen.storyboard */,
			);
			path = Storyboard;
			sourceTree = "<group>";
		};
		A8E30641226300A800DA03A7 /* Shape */ = {
			isa = PBXGroup;
			children = (
				A8E3063D2263009C00DA03A7 /* ShapeCollectionViewCell.swift */,
				A8E3063E2263009C00DA03A7 /* ShapeCollectionViewCell.xib */,
			);
			path = Shape;
			sourceTree = "<group>";
		};
/* End PBXGroup section */

/* Begin PBXNativeTarget section */
		A8C6FD5422856B0C0047B614 /* DisenoTests */ = {
			isa = PBXNativeTarget;
			buildConfigurationList = A8C6FD5E22856B0D0047B614 /* Build configuration list for PBXNativeTarget "DisenoTests" */;
			buildPhases = (
				A4C178597EA3FE45C9D3A596 /* [CP] Check Pods Manifest.lock */,
				A8C6FD5122856B0C0047B614 /* Sources */,
				A8C6FD5222856B0C0047B614 /* Frameworks */,
				A8C6FD5322856B0C0047B614 /* Resources */,
				53A4A7AFAE2CCE7EBA23B668 /* [CP] Embed Pods Frameworks */,
			);
			buildRules = (
			);
			dependencies = (
				A8C6FD5B22856B0C0047B614 /* PBXTargetDependency */,
			);
			name = DisenoTests;
			productName = Project2Tests;
			productReference = A8C6FD5522856B0C0047B614 /* DisenoTests.xctest */;
			productType = "com.apple.product-type.bundle.unit-test";
		};
		A8D2C44B225219020085AD24 /* Diseno */ = {
			isa = PBXNativeTarget;
			buildConfigurationList = A8D2C461225219080085AD24 /* Build configuration list for PBXNativeTarget "Diseno" */;
			buildPhases = (
				031F6A6E9698140A18753760 /* [CP] Check Pods Manifest.lock */,
				A8D2C448225219020085AD24 /* Sources */,
				A8D2C449225219020085AD24 /* Frameworks */,
				A8D2C44A225219020085AD24 /* Resources */,
				499648E5D8EF661CADAE1ED9 /* [CP] Embed Pods Frameworks */,
				A86824C0225C993900BDCCD8 /* SwiftLint */,
				A8AF2A4F2276C16600C2B118 /* ShellScript */,
			);
			buildRules = (
			);
			dependencies = (
			);
			name = Diseno;
			productName = Project2;
			productReference = A8D2C44C225219020085AD24 /* Diseno.app */;
			productType = "com.apple.product-type.application";
		};
/* End PBXNativeTarget section */

/* Begin PBXProject section */
		A8D2C444225219020085AD24 /* Project object */ = {
			isa = PBXProject;
			attributes = {
				LastSwiftUpdateCheck = 1010;
				LastUpgradeCheck = 1010;
				ORGANIZATIONNAME = "蔡佳宣";
				TargetAttributes = {
					A8C6FD5422856B0C0047B614 = {
						CreatedOnToolsVersion = 10.1;
						TestTargetID = A8D2C44B225219020085AD24;
					};
					A8D2C44B225219020085AD24 = {
						CreatedOnToolsVersion = 10.1;
						SystemCapabilities = {
							com.apple.BackgroundModes = {
								enabled = 0;
							};
						};
					};
				};
			};
			buildConfigurationList = A8D2C447225219020085AD24 /* Build configuration list for PBXProject "Diseno" */;
			compatibilityVersion = "Xcode 9.3";
			developmentRegion = en;
			hasScannedForEncodings = 0;
			knownRegions = (
				en,
				Base,
			);
			mainGroup = A8D2C443225219020085AD24;
			productRefGroup = A8D2C44D225219020085AD24 /* Products */;
			projectDirPath = "";
			projectRoot = "";
			targets = (
				A8D2C44B225219020085AD24 /* Diseno */,
				A8C6FD5422856B0C0047B614 /* DisenoTests */,
			);
		};
/* End PBXProject section */

/* Begin PBXResourcesBuildPhase section */
		A8C6FD5322856B0C0047B614 /* Resources */ = {
			isa = PBXResourcesBuildPhase;
			buildActionMask = 2147483647;
			files = (
			);
			runOnlyForDeploymentPostprocessing = 0;
		};
		A8D2C44A225219020085AD24 /* Resources */ = {
			isa = PBXResourcesBuildPhase;
			buildActionMask = 2147483647;
			files = (
				A8BFF76F22586E5C0010E56B /* FontTableViewCell.xib in Resources */,
				A8242DC0227DC641006143CB /* FilterCollectionViewCell.xib in Resources */,
				A8E306402263009D00DA03A7 /* ShapeCollectionViewCell.xib in Resources */,
				A8BFF7782258D1970010E56B /* FontSizeTableViewCell.xib in Resources */,
				A8D2C45D225219080085AD24 /* LaunchScreen.storyboard in Resources */,
				A8D2C47F22523A490085AD24 /* PhotoCollectionViewCell.xib in Resources */,
				A8AD7469226C78CC00BDE3A7 /* PortfolioCollectionViewCell.xib in Resources */,
				A8DEBBB0225621B30081A694 /* PaletteCollectionViewCell.xib in Resources */,
				A8BFF77422588EA90010E56B /* SpacingTableViewCell.xib in Resources */,
				A8DEBBA622549DC30081A694 /* ImageCollectionReusableView.xib in Resources */,
				A8DEBBB4225713770081A694 /* Assets.xcassets in Resources */,
				A8DEBB9C22545B8F0081A694 /* CollectionReusableView.xib in Resources */,
				A8D2C455225219030085AD24 /* Main.storyboard in Resources */,
				A89D975622979D1E0056285D /* GoogleService-Info.plist in Resources */,
			);
			runOnlyForDeploymentPostprocessing = 0;
		};
/* End PBXResourcesBuildPhase section */

/* Begin PBXShellScriptBuildPhase section */
		031F6A6E9698140A18753760 /* [CP] Check Pods Manifest.lock */ = {
			isa = PBXShellScriptBuildPhase;
			buildActionMask = 2147483647;
			files = (
			);
			inputFileListPaths = (
			);
			inputPaths = (
				"${PODS_PODFILE_DIR_PATH}/Podfile.lock",
				"${PODS_ROOT}/Manifest.lock",
			);
			name = "[CP] Check Pods Manifest.lock";
			outputFileListPaths = (
			);
			outputPaths = (
				"$(DERIVED_FILE_DIR)/Pods-Diseno-checkManifestLockResult.txt",
			);
			runOnlyForDeploymentPostprocessing = 0;
			shellPath = /bin/sh;
			shellScript = "diff \"${PODS_PODFILE_DIR_PATH}/Podfile.lock\" \"${PODS_ROOT}/Manifest.lock\" > /dev/null\nif [ $? != 0 ] ; then\n    # print error to STDERR\n    echo \"error: The sandbox is not in sync with the Podfile.lock. Run 'pod install' or update your CocoaPods installation.\" >&2\n    exit 1\nfi\n# This output is used by Xcode 'outputs' to avoid re-running this script phase.\necho \"SUCCESS\" > \"${SCRIPT_OUTPUT_FILE_0}\"\n";
			showEnvVarsInLog = 0;
		};
		499648E5D8EF661CADAE1ED9 /* [CP] Embed Pods Frameworks */ = {
			isa = PBXShellScriptBuildPhase;
			buildActionMask = 2147483647;
			files = (
			);
			inputFileListPaths = (
				"${PODS_ROOT}/Target Support Files/Pods-Diseno/Pods-Diseno-frameworks-${CONFIGURATION}-input-files.xcfilelist",
			);
			name = "[CP] Embed Pods Frameworks";
			outputFileListPaths = (
				"${PODS_ROOT}/Target Support Files/Pods-Diseno/Pods-Diseno-frameworks-${CONFIGURATION}-output-files.xcfilelist",
			);
			runOnlyForDeploymentPostprocessing = 0;
			shellPath = /bin/sh;
			shellScript = "\"${PODS_ROOT}/Target Support Files/Pods-Diseno/Pods-Diseno-frameworks.sh\"\n";
			showEnvVarsInLog = 0;
		};
		53A4A7AFAE2CCE7EBA23B668 /* [CP] Embed Pods Frameworks */ = {
			isa = PBXShellScriptBuildPhase;
			buildActionMask = 2147483647;
			files = (
			);
			inputFileListPaths = (
				"${PODS_ROOT}/Target Support Files/Pods-DisenoTests/Pods-DisenoTests-frameworks-${CONFIGURATION}-input-files.xcfilelist",
			);
			name = "[CP] Embed Pods Frameworks";
			outputFileListPaths = (
				"${PODS_ROOT}/Target Support Files/Pods-DisenoTests/Pods-DisenoTests-frameworks-${CONFIGURATION}-output-files.xcfilelist",
			);
			runOnlyForDeploymentPostprocessing = 0;
			shellPath = /bin/sh;
			shellScript = "\"${PODS_ROOT}/Target Support Files/Pods-DisenoTests/Pods-DisenoTests-frameworks.sh\"\n";
			showEnvVarsInLog = 0;
		};
		A4C178597EA3FE45C9D3A596 /* [CP] Check Pods Manifest.lock */ = {
			isa = PBXShellScriptBuildPhase;
			buildActionMask = 2147483647;
			files = (
			);
			inputFileListPaths = (
			);
			inputPaths = (
				"${PODS_PODFILE_DIR_PATH}/Podfile.lock",
				"${PODS_ROOT}/Manifest.lock",
			);
			name = "[CP] Check Pods Manifest.lock";
			outputFileListPaths = (
			);
			outputPaths = (
				"$(DERIVED_FILE_DIR)/Pods-DisenoTests-checkManifestLockResult.txt",
			);
			runOnlyForDeploymentPostprocessing = 0;
			shellPath = /bin/sh;
			shellScript = "diff \"${PODS_PODFILE_DIR_PATH}/Podfile.lock\" \"${PODS_ROOT}/Manifest.lock\" > /dev/null\nif [ $? != 0 ] ; then\n    # print error to STDERR\n    echo \"error: The sandbox is not in sync with the Podfile.lock. Run 'pod install' or update your CocoaPods installation.\" >&2\n    exit 1\nfi\n# This output is used by Xcode 'outputs' to avoid re-running this script phase.\necho \"SUCCESS\" > \"${SCRIPT_OUTPUT_FILE_0}\"\n";
			showEnvVarsInLog = 0;
		};
		A86824C0225C993900BDCCD8 /* SwiftLint */ = {
			isa = PBXShellScriptBuildPhase;
			buildActionMask = 2147483647;
			files = (
			);
			inputFileListPaths = (
			);
			inputPaths = (
			);
			name = SwiftLint;
			outputFileListPaths = (
			);
			outputPaths = (
			);
			runOnlyForDeploymentPostprocessing = 0;
			shellPath = /bin/sh;
			shellScript = "\"${PODS_ROOT}/SwiftLint/swiftlint\"\n\n";
		};
		A8AF2A4F2276C16600C2B118 /* ShellScript */ = {
			isa = PBXShellScriptBuildPhase;
			buildActionMask = 2147483647;
			files = (
			);
			inputFileListPaths = (
			);
			inputPaths = (
				"$(SRCROOT)/Info.plist",
			);
			outputFileListPaths = (
			);
			outputPaths = (
			);
			runOnlyForDeploymentPostprocessing = 0;
			shellPath = /bin/sh;
			shellScript = "\"${PODS_ROOT}/Fabric/run\"\n";
		};
/* End PBXShellScriptBuildPhase section */

/* Begin PBXSourcesBuildPhase section */
		A8C6FD5122856B0C0047B614 /* Sources */ = {
			isa = PBXSourcesBuildPhase;
			buildActionMask = 2147483647;
			files = (
				A88E56E5228BFFBC0062760F /* TextTableViewTest.swift in Sources */,
				A8C6FD5822856B0C0047B614 /* DisenoTests.swift in Sources */,
				A88E56E7228C08170062760F /* CalculateMethodTest.swift in Sources */,
			);
			runOnlyForDeploymentPostprocessing = 0;
		};
		A8D2C448225219020085AD24 /* Sources */ = {
			isa = PBXSourcesBuildPhase;
			buildActionMask = 2147483647;
			files = (
				A8242DC4227FEA8F006143CB /* DeleteView.swift in Sources */,
				A86824C422603BC500BDCCD8 /* CGAffineTransform+Extension.swift in Sources */,
				A87F793526A4085100F6B7FF /* HomePageViewModel.swift in Sources */,
				A8DEBBAA2255A8A50081A694 /* ALCustomView.swift in Sources */,
				A8242DB0227C0C51006143CB /* Float+Extension.swift in Sources */,
				A87F793926A4591A00F6B7FF /* FileManager+Extension.swift in Sources */,
				A8BFF780225A4AC00010E56B /* ImageEditContainerViewController.swift in Sources */,
				A87F794826B4FB3A00F6B7FF /* ImageSaver.swift in Sources */,
				A8D2C47B22522A8F0085AD24 /* UICollectionView+Extension.swift in Sources */,
				A87F793226A3EDCD00F6B7FF /* AppCoordinator.swift in Sources */,
				A82564C72282AE0B00510EAF /* UIViewController+Extension.swift in Sources */,
				A82564CD2282C94100510EAF /* ALSegue.swift in Sources */,
				A816BEB322755860004E3896 /* SizeHelperView.swift in Sources */,
				A87F795726C78CF000F6B7FF /* UIApplication+Extension.swift in Sources */,
				A8AD7465226C004E00BDE3A7 /* ALImageView.swift in Sources */,
				A82B5F332268A2270093671D /* HomeViewController.swift in Sources */,
				A82B5F352268A4930093671D /* NewDeign.swift in Sources */,
				A8C123A32281B69A00B14B92 /* BaseContainerViewController.swift in Sources */,
				A80F296B22660BED009C13F5 /* TextContainerViewController.swift in Sources */,
				A84BBE7B228940A00083F53B /* DesignVC+NavigationBar.swift in Sources */,
				A87F794426B0524200F6B7FF /* ManagePortfolioViewModel.swift in Sources */,
				A84BBE7222892D0B0083F53B /* EditingVC+Gesture.swift in Sources */,
				A87F792926A2B51200F6B7FF /* DesignManager.swift in Sources */,
				A84880D922706ABE00F308AC /* Design+Extension.swift in Sources */,
				A8DEBB9822543DBF0081A694 /* border.swift in Sources */,
				A865976C2269CB43000789A2 /* StorageManager.swift in Sources */,
				A87F794B26B535FE00F6B7FF /* DSError.swift in Sources */,
				A87F792B26A2B6CB00F6B7FF /* HomePageViewController.swift in Sources */,
				A82564C92282B90700510EAF /* Direction.swift in Sources */,
				A8DEBBA82255A5A90081A694 /* UITextView+Extension.swift in Sources */,
				A8B5E4F7226D91D800514A75 /* ALTextView.swift in Sources */,
				A8BFF77322588EA90010E56B /* SpacingTableViewCell.swift in Sources */,
				A84880D52270688400F308AC /* Image+Extension.swift in Sources */,
				A87F795526C2A42500F6B7FF /* RenameDesignViewModel.swift in Sources */,
				A8D2C47E22523A480085AD24 /* PhotoCollectionViewCell.swift in Sources */,
				A87F793B26A45BF700F6B7FF /* NSObject+Extension.swift in Sources */,
				A87F793726A415D100F6B7FF /* PortfolioCellViewModel.swift in Sources */,
				A8AF2A552278290A00C2B118 /* SavedImageAlert.swift in Sources */,
				A84880CD227036A200F308AC /* SaveSuccessLabel.swift in Sources */,
				A8DEBB9E2254803B0081A694 /* UIImage+Extension.swift in Sources */,
				A87F792F26A2EAED00F6B7FF /* FontManager.swift in Sources */,
				A8242DAE227BC91B006143CB /* RotateHelperView.swift in Sources */,
				A84BBE792289402A0083F53B /* DesignVC+Gesture.swift in Sources */,
				A8DEBBA522549DC30081A694 /* ImageCollectionReusableView.swift in Sources */,
				A8AD7463226AF82200BDE3A7 /* ALDesignView.swift in Sources */,
				A84BBE83228945300083F53B /* DesignVC+passData.swift in Sources */,
				A848811F2273FAC200F308AC /* UIColor+Extension.swift in Sources */,
				A8AD7468226C78CC00BDE3A7 /* PortfolioCollectionViewCell.swift in Sources */,
				A82564CB2282C53800510EAF /* AlertTitle.swift in Sources */,
				A87F794D26B5901300F6B7FF /* NotificationBanner.swift in Sources */,
				A816BEB522758CC4004E3896 /* UITextField+Extension.swift in Sources */,
				A84BBE81228944470083F53B /* DesignVC+AddShape.swift in Sources */,
				A8BFF782225A4B6B0010E56B /* PhotoManager.swift in Sources */,
				A8AF2A5322781CC000C2B118 /* GoSettingAlertView.swift in Sources */,
				A8D2C481225268000085AD24 /* EditingViewController.swift in Sources */,
				A84880D12270672100F308AC /* Shape+Extension.swift in Sources */,
				A8DEBB9B22545B8F0081A694 /* CollectionReusableView.swift in Sources */,
				A84BBE852289456B0083F53B /* DesignVC+SaveDesign.swift in Sources */,
				A8D2C475225228130085AD24 /* UITableView+Extension.swift in Sources */,
				A86824C82260838200BDCCD8 /* ALRotationGestureRecognizer.swift in Sources */,
				A8DEBBAF225621B30081A694 /* PaletteCollectionViewCell.swift in Sources */,
				A87F794F26B6567600F6B7FF /* IPhoneUtility.swift in Sources */,
				A84880D32270687500F308AC /* Text+Extension.swift in Sources */,
				A87F795126B6626400F6B7FF /* UIWindow+Extension.swift in Sources */,
				A8D2C452225219020085AD24 /* DesignViewController.swift in Sources */,
				A84BBE7622893C2B0083F53B /* EditingVC+TextView.swift in Sources */,
				A85B04052279C0F000853841 /* CornerHelperView.swift in Sources */,
				A8D2C450225219020085AD24 /* AppDelegate.swift in Sources */,
				A8BFF7772258D1970010E56B /* FontSizeTableViewCell.swift in Sources */,
				A8242DB2227D3F29006143CB /* BaseViewController.swift in Sources */,
				A84BBE7F228942740083F53B /* DesignVC+Background.swift in Sources */,
				A8242DBF227DC641006143CB /* FilterCollectionViewCell.swift in Sources */,
				A84880CF22704A8900F308AC /* RenameView.swift in Sources */,
				A865976F2269D22F000789A2 /* Result.swift in Sources */,
				A8D2C4722252270C0085AD24 /* BackgroundContainerViewController.swift in Sources */,
				A86824C62260461500BDCCD8 /* UIView+Extension.swift in Sources */,
				A87F794626B4F90B00F6B7FF /* DSFileManager.swift in Sources */,
				A87F795326C2805100F6B7FF /* DesignViewModel.swift in Sources */,
				A8242DB8227D536B006143CB /* LaunchScreenViewController.swift in Sources */,
				A8BFF77A2259E1960010E56B /* UIButton+Extenstion.swift in Sources */,
				A8242DBC227DBC8E006143CB /* FilterType.swift in Sources */,
				A8DEBBB2225638070081A694 /* UIImageView+Extension.swift in Sources */,
				A84BBE7D2289416E0083F53B /* DesignVC+AddText.swift in Sources */,
				A80804EB226882720042E4FF /* EditeFrameView.swift in Sources */,
				A8D2C458225219030085AD24 /* Desiging.xcdatamodeld in Sources */,
				A82564D02283CF1E00510EAF /* ALShapeView.swift in Sources */,
				A8BFF76E22586E5C0010E56B /* FontTableViewCell.swift in Sources */,
				A8E3063C2262FE0000DA03A7 /* ShapeContainerViewController.swift in Sources */,
				A84BBE7422893B350083F53B /* EditingVC+Helper.swift in Sources */,
				A8BFF76B22586E3D0010E56B /* UIFont+Extension.swift in Sources */,
				A82B5F372268C8090093671D /* HelperView.swift in Sources */,
				A87F7926269898FE00F6B7FF /* UIScreen+Extension.swift in Sources */,
				A8E3063F2263009C00DA03A7 /* ShapeCollectionViewCell.swift in Sources */,
				A87F792D26A2E5BB00F6B7FF /* Swift+Extension.swift in Sources */,
				A84880CB226F26D200F308AC /* ManagePortfolioView.swift in Sources */,
			);
			runOnlyForDeploymentPostprocessing = 0;
		};
/* End PBXSourcesBuildPhase section */

/* Begin PBXTargetDependency section */
		A8C6FD5B22856B0C0047B614 /* PBXTargetDependency */ = {
			isa = PBXTargetDependency;
			target = A8D2C44B225219020085AD24 /* Diseno */;
			targetProxy = A8C6FD5A22856B0C0047B614 /* PBXContainerItemProxy */;
		};
/* End PBXTargetDependency section */

/* Begin PBXVariantGroup section */
		A8D2C453225219030085AD24 /* Main.storyboard */ = {
			isa = PBXVariantGroup;
			children = (
				A8D2C454225219030085AD24 /* Base */,
			);
			name = Main.storyboard;
			sourceTree = "<group>";
		};
		A8D2C45B225219080085AD24 /* LaunchScreen.storyboard */ = {
			isa = PBXVariantGroup;
			children = (
				A8D2C45C225219080085AD24 /* Base */,
			);
			name = LaunchScreen.storyboard;
			sourceTree = "<group>";
		};
/* End PBXVariantGroup section */

/* Begin XCBuildConfiguration section */
		A8C6FD5C22856B0C0047B614 /* Debug */ = {
			isa = XCBuildConfiguration;
			baseConfigurationReference = 4B99B65AA2FA817368B84FA9 /* Pods-DisenoTests.debug.xcconfig */;
			buildSettings = {
				BUNDLE_LOADER = "$(TEST_HOST)";
				CODE_SIGN_STYLE = Automatic;
				DEVELOPMENT_TEAM = Z4WPZJJ6S4;
				INFOPLIST_FILE = DisenoTests/Info.plist;
				LD_RUNPATH_SEARCH_PATHS = (
					"$(inherited)",
					"@executable_path/Frameworks",
					"@loader_path/Frameworks",
				);
				PRODUCT_BUNDLE_IDENTIFIER = alexandra.Project2Tests;
				PRODUCT_NAME = "$(TARGET_NAME)";
				SWIFT_VERSION = 4.2;
				TARGETED_DEVICE_FAMILY = "1,2";
				TEST_HOST = "$(BUILT_PRODUCTS_DIR)/Diseno.app/Diseno";
			};
			name = Debug;
		};
		A8C6FD5D22856B0C0047B614 /* Release */ = {
			isa = XCBuildConfiguration;
			baseConfigurationReference = 37E13557C28ED3FB3AE45DE7 /* Pods-DisenoTests.release.xcconfig */;
			buildSettings = {
				BUNDLE_LOADER = "$(TEST_HOST)";
				CODE_SIGN_STYLE = Automatic;
				DEVELOPMENT_TEAM = Z4WPZJJ6S4;
				INFOPLIST_FILE = DisenoTests/Info.plist;
				LD_RUNPATH_SEARCH_PATHS = (
					"$(inherited)",
					"@executable_path/Frameworks",
					"@loader_path/Frameworks",
				);
				PRODUCT_BUNDLE_IDENTIFIER = alexandra.Project2Tests;
				PRODUCT_NAME = "$(TARGET_NAME)";
				SWIFT_VERSION = 4.2;
				TARGETED_DEVICE_FAMILY = "1,2";
				TEST_HOST = "$(BUILT_PRODUCTS_DIR)/Diseno.app/Diseno";
			};
			name = Release;
		};
		A8D2C45F225219080085AD24 /* Debug */ = {
			isa = XCBuildConfiguration;
			buildSettings = {
				ALWAYS_SEARCH_USER_PATHS = NO;
				CLANG_ANALYZER_NONNULL = YES;
				CLANG_ANALYZER_NUMBER_OBJECT_CONVERSION = YES_AGGRESSIVE;
				CLANG_CXX_LANGUAGE_STANDARD = "gnu++14";
				CLANG_CXX_LIBRARY = "libc++";
				CLANG_ENABLE_MODULES = YES;
				CLANG_ENABLE_OBJC_ARC = YES;
				CLANG_ENABLE_OBJC_WEAK = YES;
				CLANG_WARN_BLOCK_CAPTURE_AUTORELEASING = YES;
				CLANG_WARN_BOOL_CONVERSION = YES;
				CLANG_WARN_COMMA = YES;
				CLANG_WARN_CONSTANT_CONVERSION = YES;
				CLANG_WARN_DEPRECATED_OBJC_IMPLEMENTATIONS = YES;
				CLANG_WARN_DIRECT_OBJC_ISA_USAGE = YES_ERROR;
				CLANG_WARN_DOCUMENTATION_COMMENTS = YES;
				CLANG_WARN_EMPTY_BODY = YES;
				CLANG_WARN_ENUM_CONVERSION = YES;
				CLANG_WARN_INFINITE_RECURSION = YES;
				CLANG_WARN_INT_CONVERSION = YES;
				CLANG_WARN_NON_LITERAL_NULL_CONVERSION = YES;
				CLANG_WARN_OBJC_IMPLICIT_RETAIN_SELF = YES;
				CLANG_WARN_OBJC_LITERAL_CONVERSION = YES;
				CLANG_WARN_OBJC_ROOT_CLASS = YES_ERROR;
				CLANG_WARN_RANGE_LOOP_ANALYSIS = YES;
				CLANG_WARN_STRICT_PROTOTYPES = YES;
				CLANG_WARN_SUSPICIOUS_MOVE = YES;
				CLANG_WARN_UNGUARDED_AVAILABILITY = YES_AGGRESSIVE;
				CLANG_WARN_UNREACHABLE_CODE = YES;
				CLANG_WARN__DUPLICATE_METHOD_MATCH = YES;
				CODE_SIGN_IDENTITY = "iPhone Developer";
				COPY_PHASE_STRIP = NO;
				DEBUG_INFORMATION_FORMAT = dwarf;
				ENABLE_STRICT_OBJC_MSGSEND = YES;
				ENABLE_TESTABILITY = YES;
				GCC_C_LANGUAGE_STANDARD = gnu11;
				GCC_DYNAMIC_NO_PIC = NO;
				GCC_NO_COMMON_BLOCKS = YES;
				GCC_OPTIMIZATION_LEVEL = 0;
				GCC_PREPROCESSOR_DEFINITIONS = (
					"DEBUG=1",
					"$(inherited)",
				);
				GCC_WARN_64_TO_32_BIT_CONVERSION = YES;
				GCC_WARN_ABOUT_RETURN_TYPE = YES_ERROR;
				GCC_WARN_UNDECLARED_SELECTOR = YES;
				GCC_WARN_UNINITIALIZED_AUTOS = YES_AGGRESSIVE;
				GCC_WARN_UNUSED_FUNCTION = YES;
				GCC_WARN_UNUSED_VARIABLE = YES;
				IPHONEOS_DEPLOYMENT_TARGET = 12.1;
				MTL_ENABLE_DEBUG_INFO = INCLUDE_SOURCE;
				MTL_FAST_MATH = YES;
				ONLY_ACTIVE_ARCH = YES;
				SDKROOT = iphoneos;
				SWIFT_ACTIVE_COMPILATION_CONDITIONS = DEBUG;
				SWIFT_OPTIMIZATION_LEVEL = "-Onone";
			};
			name = Debug;
		};
		A8D2C460225219080085AD24 /* Release */ = {
			isa = XCBuildConfiguration;
			buildSettings = {
				ALWAYS_SEARCH_USER_PATHS = NO;
				CLANG_ANALYZER_NONNULL = YES;
				CLANG_ANALYZER_NUMBER_OBJECT_CONVERSION = YES_AGGRESSIVE;
				CLANG_CXX_LANGUAGE_STANDARD = "gnu++14";
				CLANG_CXX_LIBRARY = "libc++";
				CLANG_ENABLE_MODULES = YES;
				CLANG_ENABLE_OBJC_ARC = YES;
				CLANG_ENABLE_OBJC_WEAK = YES;
				CLANG_WARN_BLOCK_CAPTURE_AUTORELEASING = YES;
				CLANG_WARN_BOOL_CONVERSION = YES;
				CLANG_WARN_COMMA = YES;
				CLANG_WARN_CONSTANT_CONVERSION = YES;
				CLANG_WARN_DEPRECATED_OBJC_IMPLEMENTATIONS = YES;
				CLANG_WARN_DIRECT_OBJC_ISA_USAGE = YES_ERROR;
				CLANG_WARN_DOCUMENTATION_COMMENTS = YES;
				CLANG_WARN_EMPTY_BODY = YES;
				CLANG_WARN_ENUM_CONVERSION = YES;
				CLANG_WARN_INFINITE_RECURSION = YES;
				CLANG_WARN_INT_CONVERSION = YES;
				CLANG_WARN_NON_LITERAL_NULL_CONVERSION = YES;
				CLANG_WARN_OBJC_IMPLICIT_RETAIN_SELF = YES;
				CLANG_WARN_OBJC_LITERAL_CONVERSION = YES;
				CLANG_WARN_OBJC_ROOT_CLASS = YES_ERROR;
				CLANG_WARN_RANGE_LOOP_ANALYSIS = YES;
				CLANG_WARN_STRICT_PROTOTYPES = YES;
				CLANG_WARN_SUSPICIOUS_MOVE = YES;
				CLANG_WARN_UNGUARDED_AVAILABILITY = YES_AGGRESSIVE;
				CLANG_WARN_UNREACHABLE_CODE = YES;
				CLANG_WARN__DUPLICATE_METHOD_MATCH = YES;
				CODE_SIGN_IDENTITY = "iPhone Developer";
				COPY_PHASE_STRIP = NO;
				DEBUG_INFORMATION_FORMAT = "dwarf-with-dsym";
				ENABLE_NS_ASSERTIONS = NO;
				ENABLE_STRICT_OBJC_MSGSEND = YES;
				GCC_C_LANGUAGE_STANDARD = gnu11;
				GCC_NO_COMMON_BLOCKS = YES;
				GCC_WARN_64_TO_32_BIT_CONVERSION = YES;
				GCC_WARN_ABOUT_RETURN_TYPE = YES_ERROR;
				GCC_WARN_UNDECLARED_SELECTOR = YES;
				GCC_WARN_UNINITIALIZED_AUTOS = YES_AGGRESSIVE;
				GCC_WARN_UNUSED_FUNCTION = YES;
				GCC_WARN_UNUSED_VARIABLE = YES;
				IPHONEOS_DEPLOYMENT_TARGET = 12.1;
				MTL_ENABLE_DEBUG_INFO = NO;
				MTL_FAST_MATH = YES;
				SDKROOT = iphoneos;
				SWIFT_COMPILATION_MODE = wholemodule;
				SWIFT_OPTIMIZATION_LEVEL = "-O";
				VALIDATE_PRODUCT = YES;
			};
			name = Release;
		};
		A8D2C462225219080085AD24 /* Debug */ = {
			isa = XCBuildConfiguration;
			baseConfigurationReference = 43712D0B0B461B12E1F346AA /* Pods-Diseno.debug.xcconfig */;
			buildSettings = {
				ASSETCATALOG_COMPILER_APPICON_NAME = AppIcon;
				CODE_SIGN_STYLE = Automatic;
				DEBUG_INFORMATION_FORMAT = "dwarf-with-dsym";
				DEVELOPMENT_TEAM = Z4WPZJJ6S4;
				INFOPLIST_FILE = Diseno/Info.plist;
				IPHONEOS_DEPLOYMENT_TARGET = 13.0;
				LD_RUNPATH_SEARCH_PATHS = (
					"$(inherited)",
					"@executable_path/Frameworks",
				);
				PRODUCT_BUNDLE_IDENTIFIER = alexandra.Project2;
				PRODUCT_NAME = "$(TARGET_NAME)";
				SWIFT_VERSION = 4.2;
				TARGETED_DEVICE_FAMILY = 1;
			};
			name = Debug;
		};
		A8D2C463225219080085AD24 /* Release */ = {
			isa = XCBuildConfiguration;
			baseConfigurationReference = 2A4535C55BDE62BE2C7C16DD /* Pods-Diseno.release.xcconfig */;
			buildSettings = {
				ASSETCATALOG_COMPILER_APPICON_NAME = AppIcon;
				CODE_SIGN_STYLE = Automatic;
				DEVELOPMENT_TEAM = Z4WPZJJ6S4;
				INFOPLIST_FILE = Diseno/Info.plist;
				IPHONEOS_DEPLOYMENT_TARGET = 13.0;
				LD_RUNPATH_SEARCH_PATHS = (
					"$(inherited)",
					"@executable_path/Frameworks",
				);
				PRODUCT_BUNDLE_IDENTIFIER = alexandra.Project2;
				PRODUCT_NAME = "$(TARGET_NAME)";
				SWIFT_VERSION = 4.2;
				TARGETED_DEVICE_FAMILY = 1;
			};
			name = Release;
		};
/* End XCBuildConfiguration section */

/* Begin XCConfigurationList section */
		A8C6FD5E22856B0D0047B614 /* Build configuration list for PBXNativeTarget "DisenoTests" */ = {
			isa = XCConfigurationList;
			buildConfigurations = (
				A8C6FD5C22856B0C0047B614 /* Debug */,
				A8C6FD5D22856B0C0047B614 /* Release */,
			);
			defaultConfigurationIsVisible = 0;
			defaultConfigurationName = Release;
		};
		A8D2C447225219020085AD24 /* Build configuration list for PBXProject "Diseno" */ = {
			isa = XCConfigurationList;
			buildConfigurations = (
				A8D2C45F225219080085AD24 /* Debug */,
				A8D2C460225219080085AD24 /* Release */,
			);
			defaultConfigurationIsVisible = 0;
			defaultConfigurationName = Release;
		};
		A8D2C461225219080085AD24 /* Build configuration list for PBXNativeTarget "Diseno" */ = {
			isa = XCConfigurationList;
			buildConfigurations = (
				A8D2C462225219080085AD24 /* Debug */,
				A8D2C463225219080085AD24 /* Release */,
			);
			defaultConfigurationIsVisible = 0;
			defaultConfigurationName = Release;
		};
/* End XCConfigurationList section */

/* Begin XCVersionGroup section */
		A8D2C456225219030085AD24 /* Desiging.xcdatamodeld */ = {
			isa = XCVersionGroup;
			children = (
				A8D2C457225219030085AD24 /* Project2.xcdatamodel */,
			);
			currentVersion = A8D2C457225219030085AD24 /* Project2.xcdatamodel */;
			path = Desiging.xcdatamodeld;
			sourceTree = "<group>";
			versionGroupType = wrapper.xcdatamodel;
		};
/* End XCVersionGroup section */
	};
	rootObject = A8D2C444225219020085AD24 /* Project object */;
}
